// !$*UTF8*$!
{
	archiveVersion = 1;
	classes = {
	};
	objectVersion = 46;
	objects = {

/* Begin PBXBuildFile section */
		0E2EAAD4168CA38F00D0CA07 /* commonAPI.cpp in Sources */ = {isa = PBXBuildFile; fileRef = 0E2EAAD3168CA38F00D0CA07 /* commonAPI.cpp */; };
		0E31DE36168CB691002AD9AE /* pmlib.dylib in Frameworks */ = {isa = PBXBuildFile; fileRef = 0E31DE35168CB691002AD9AE /* pmlib.dylib */; };
		0E31DE40168CCE65002AD9AE /* matrixTranspose.cpp in Sources */ = {isa = PBXBuildFile; fileRef = 0E31DE3E168CCE65002AD9AE /* matrixTranspose.cpp */; };
/* End PBXBuildFile section */

/* Begin PBXCopyFilesBuildPhase section */
		0EEBD21C168CA14A001D9422 /* CopyFiles */ = {
			isa = PBXCopyFilesBuildPhase;
			buildActionMask = 2147483647;
			dstPath = /usr/share/man/man1/;
			dstSubfolderSpec = 0;
			files = (
			);
			runOnlyForDeploymentPostprocessing = 1;
		};
/* End PBXCopyFilesBuildPhase section */

/* Begin PBXFileReference section */
		0E2EAAD3168CA38F00D0CA07 /* commonAPI.cpp */ = {isa = PBXFileReference; lastKnownFileType = sourcecode.cpp.cpp; name = commonAPI.cpp; path = ../../../../../testSuite/common/source/code/src/commonAPI.cpp; sourceTree = "<group>"; };
		0E31DE35168CB691002AD9AE /* pmlib.dylib */ = {isa = PBXFileReference; lastKnownFileType = "compiled.mach-o.dylib"; name = pmlib.dylib; path = "../../../../../../../Library/Developer/Xcode/DerivedData/pmlib_ws-btzrzgfrhtfijahfgimbyqhlmueb/Build/Products/Debug/pmlib.dylib"; sourceTree = "<group>"; };
		0E31DE3C168CCE65002AD9AE /* matrixTranspose.h */ = {isa = PBXFileReference; fileEncoding = 4; lastKnownFileType = sourcecode.c.h; path = matrixTranspose.h; sourceTree = "<group>"; };
		0E31DE3E168CCE65002AD9AE /* matrixTranspose.cpp */ = {isa = PBXFileReference; fileEncoding = 4; lastKnownFileType = sourcecode.cpp.cpp; path = matrixTranspose.cpp; sourceTree = "<group>"; };
		0E31DE3F168CCE65002AD9AE /* matrixTranspose.cu */ = {isa = PBXFileReference; fileEncoding = 4; lastKnownFileType = text; path = matrixTranspose.cu; sourceTree = "<group>"; };
		0EEBD21E168CA14A001D9422 /* MatrixTranspose */ = {isa = PBXFileReference; explicitFileType = "compiled.mach-o.executable"; includeInIndex = 0; path = MatrixTranspose; sourceTree = BUILT_PRODUCTS_DIR; };
/* End PBXFileReference section */

/* Begin PBXFrameworksBuildPhase section */
		0EEBD21B168CA14A001D9422 /* Frameworks */ = {
			isa = PBXFrameworksBuildPhase;
			buildActionMask = 2147483647;
			files = (
				0E31DE36168CB691002AD9AE /* pmlib.dylib in Frameworks */,
			);
			runOnlyForDeploymentPostprocessing = 0;
		};
/* End PBXFrameworksBuildPhase section */

/* Begin PBXGroup section */
		0E31DE3B168CCE65002AD9AE /* inc */ = {
			isa = PBXGroup;
			children = (
				0E31DE3C168CCE65002AD9AE /* matrixTranspose.h */,
			);
			name = inc;
			path = ../../../../../../testSuite/matrixTranspose/source/code/inc;
			sourceTree = "<group>";
		};
		0E31DE3D168CCE65002AD9AE /* src */ = {
			isa = PBXGroup;
			children = (
				0E31DE3E168CCE65002AD9AE /* matrixTranspose.cpp */,
				0E31DE3F168CCE65002AD9AE /* matrixTranspose.cu */,
			);
			name = src;
			path = ../../../../../../testSuite/matrixTranspose/source/code/src;
			sourceTree = "<group>";
		};
		0EEBD213168CA14A001D9422 = {
			isa = PBXGroup;
			children = (
				0E31DE35168CB691002AD9AE /* pmlib.dylib */,
				0E2EAAD3168CA38F00D0CA07 /* commonAPI.cpp */,
				0EEBD221168CA14A001D9422 /* MatrixTranspose */,
				0EEBD21F168CA14A001D9422 /* Products */,
			);
			sourceTree = "<group>";
		};
		0EEBD21F168CA14A001D9422 /* Products */ = {
			isa = PBXGroup;
			children = (
				0EEBD21E168CA14A001D9422 /* MatrixTranspose */,
			);
			name = Products;
			sourceTree = "<group>";
		};
		0EEBD221168CA14A001D9422 /* MatrixTranspose */ = {
			isa = PBXGroup;
			children = (
				0E31DE3B168CCE65002AD9AE /* inc */,
				0E31DE3D168CCE65002AD9AE /* src */,
			);
			path = MatrixTranspose;
			sourceTree = "<group>";
		};
/* End PBXGroup section */

/* Begin PBXNativeTarget section */
		0EEBD21D168CA14A001D9422 /* MatrixTranspose */ = {
			isa = PBXNativeTarget;
			buildConfigurationList = 0EEBD228168CA14A001D9422 /* Build configuration list for PBXNativeTarget "MatrixTranspose" */;
			buildPhases = (
				0EEBD21A168CA14A001D9422 /* Sources */,
				0EEBD21B168CA14A001D9422 /* Frameworks */,
				0EEBD21C168CA14A001D9422 /* CopyFiles */,
			);
			buildRules = (
			);
			dependencies = (
			);
			name = MatrixTranspose;
			productName = MatrixTranspose;
			productReference = 0EEBD21E168CA14A001D9422 /* MatrixTranspose */;
			productType = "com.apple.product-type.tool";
		};
/* End PBXNativeTarget section */

/* Begin PBXProject section */
		0EEBD215168CA14A001D9422 /* Project object */ = {
			isa = PBXProject;
			attributes = {
				LastUpgradeCheck = 0450;
				ORGANIZATIONNAME = "Tarun Beri";
			};
			buildConfigurationList = 0EEBD218168CA14A001D9422 /* Build configuration list for PBXProject "MatrixTranspose" */;
			compatibilityVersion = "Xcode 3.2";
			developmentRegion = English;
			hasScannedForEncodings = 0;
			knownRegions = (
				en,
			);
			mainGroup = 0EEBD213168CA14A001D9422;
			productRefGroup = 0EEBD21F168CA14A001D9422 /* Products */;
			projectDirPath = "";
			projectRoot = "";
			targets = (
				0EEBD21D168CA14A001D9422 /* MatrixTranspose */,
			);
		};
/* End PBXProject section */

/* Begin PBXSourcesBuildPhase section */
		0EEBD21A168CA14A001D9422 /* Sources */ = {
			isa = PBXSourcesBuildPhase;
			buildActionMask = 2147483647;
			files = (
				0E2EAAD4168CA38F00D0CA07 /* commonAPI.cpp in Sources */,
				0E31DE40168CCE65002AD9AE /* matrixTranspose.cpp in Sources */,
			);
			runOnlyForDeploymentPostprocessing = 0;
		};
/* End PBXSourcesBuildPhase section */

/* Begin XCBuildConfiguration section */
		0EEBD226168CA14A001D9422 /* Debug */ = {
			isa = XCBuildConfiguration;
			buildSettings = {
				ALWAYS_SEARCH_USER_PATHS = NO;
				ARCHS = "$(ARCHS_STANDARD_64_BIT)";
				CLANG_CXX_LANGUAGE_STANDARD = "gnu++0x";
				CLANG_CXX_LIBRARY = "libc++";
				CLANG_WARN_EMPTY_BODY = YES;
				CLANG_WARN__DUPLICATE_METHOD_MATCH = YES;
				COPY_PHASE_STRIP = NO;
				GCC_C_LANGUAGE_STANDARD = gnu99;
				GCC_DYNAMIC_NO_PIC = NO;
				GCC_ENABLE_OBJC_EXCEPTIONS = YES;
				GCC_OPTIMIZATION_LEVEL = 0;
				GCC_PREPROCESSOR_DEFINITIONS = (
					"DEBUG=1",
					"$(inherited)",
				);
				GCC_SYMBOLS_PRIVATE_EXTERN = NO;
				GCC_WARN_64_TO_32_BIT_CONVERSION = YES;
				GCC_WARN_ABOUT_RETURN_TYPE = YES;
				GCC_WARN_UNINITIALIZED_AUTOS = YES;
				GCC_WARN_UNUSED_VARIABLE = YES;
				MACOSX_DEPLOYMENT_TARGET = 10.8;
				ONLY_ACTIVE_ARCH = YES;
				SDKROOT = macosx;
			};
			name = Debug;
		};
		0EEBD227168CA14A001D9422 /* Release */ = {
			isa = XCBuildConfiguration;
			buildSettings = {
				ALWAYS_SEARCH_USER_PATHS = NO;
				ARCHS = "$(ARCHS_STANDARD_64_BIT)";
				CLANG_CXX_LANGUAGE_STANDARD = "gnu++0x";
				CLANG_CXX_LIBRARY = "libc++";
				CLANG_WARN_EMPTY_BODY = YES;
				CLANG_WARN__DUPLICATE_METHOD_MATCH = YES;
				COPY_PHASE_STRIP = YES;
				DEBUG_INFORMATION_FORMAT = "dwarf-with-dsym";
				GCC_C_LANGUAGE_STANDARD = gnu99;
				GCC_ENABLE_OBJC_EXCEPTIONS = YES;
				GCC_WARN_64_TO_32_BIT_CONVERSION = YES;
				GCC_WARN_ABOUT_RETURN_TYPE = YES;
				GCC_WARN_UNINITIALIZED_AUTOS = YES;
				GCC_WARN_UNUSED_VARIABLE = YES;
				MACOSX_DEPLOYMENT_TARGET = 10.8;
				SDKROOT = macosx;
			};
			name = Release;
		};
		0EEBD229168CA14A001D9422 /* Debug */ = {
			isa = XCBuildConfiguration;
			buildSettings = {
				HEADER_SEARCH_PATHS = (
					/Users/tarunberi/Development/pmlib/source/code/inc/,
					/Users/tarunberi/Development/pmlib/testSuite/common/source/code/inc/,
				);
				LIBRARY_SEARCH_PATHS = (
					"$(inherited)",
					"\"$(SRCROOT)/../../../../../../../Library/Developer/Xcode/DerivedData/pmlib_ws-btzrzgfrhtfijahfgimbyqhlmueb/Build/Products/Debug\"",
				);
				PRODUCT_NAME = "$(TARGET_NAME)";
			};
			name = Debug;
		};
		0EEBD22A168CA14A001D9422 /* Release */ = {
			isa = XCBuildConfiguration;
			buildSettings = {
				HEADER_SEARCH_PATHS = (
					/Users/tarunberi/Development/pmlib/source/code/inc/,
					/Users/tarunberi/Development/pmlib/testSuite/common/source/code/inc/,
				);
				LIBRARY_SEARCH_PATHS = (
					"$(inherited)",
					"\"$(SRCROOT)/../../../../../../../Library/Developer/Xcode/DerivedData/pmlib_ws-btzrzgfrhtfijahfgimbyqhlmueb/Build/Products/Debug\"",
				);
				PRODUCT_NAME = "$(TARGET_NAME)";
			};
			name = Release;
		};
/* End XCBuildConfiguration section */

/* Begin XCConfigurationList section */
		0EEBD218168CA14A001D9422 /* Build configuration list for PBXProject "MatrixTranspose" */ = {
			isa = XCConfigurationList;
			buildConfigurations = (
				0EEBD226168CA14A001D9422 /* Debug */,
				0EEBD227168CA14A001D9422 /* Release */,
			);
			defaultConfigurationIsVisible = 0;
			defaultConfigurationName = Release;
		};
		0EEBD228168CA14A001D9422 /* Build configuration list for PBXNativeTarget "MatrixTranspose" */ = {
			isa = XCConfigurationList;
			buildConfigurations = (
				0EEBD229168CA14A001D9422 /* Debug */,
				0EEBD22A168CA14A001D9422 /* Release */,
			);
			defaultConfigurationIsVisible = 0;
			defaultConfigurationName = Release;
		};
/* End XCConfigurationList section */
	};
	rootObject = 0EEBD215168CA14A001D9422 /* Project object */;
}
