// !$*UTF8*$!
{
	archiveVersion = 1;
	classes = {
	};
	objectVersion = 46;
	objects = {

/* Begin PBXBuildFile section */
		0E2C07A416A67A8000F6BB88 /* matrixTranspose.cpp in Sources */ = {isa = PBXBuildFile; fileRef = 0E2C07A316A67A8000F6BB88 /* matrixTranspose.cpp */; };
		0E4016D916A9C3A80099CF5B /* pmlib.dylib in Frameworks */ = {isa = PBXBuildFile; fileRef = 0E4016D816A9C3A80099CF5B /* pmlib.dylib */; };
		0E817933166F8B1B0092C7D4 /* fft.cpp in Sources */ = {isa = PBXBuildFile; fileRef = 0E817931166F8B1B0092C7D4 /* fft.cpp */; };
		0EF13CDF166FEF8600D012B4 /* commonAPI.cpp in Sources */ = {isa = PBXBuildFile; fileRef = 0EF13CDE166FEF8600D012B4 /* commonAPI.cpp */; };
/* End PBXBuildFile section */

/* Begin PBXCopyFilesBuildPhase section */
		0E817900166F89940092C7D4 /* CopyFiles */ = {
			isa = PBXCopyFilesBuildPhase;
			buildActionMask = 2147483647;
			dstPath = /usr/share/man/man1/;
			dstSubfolderSpec = 0;
			files = (
			);
			runOnlyForDeploymentPostprocessing = 1;
		};
/* End PBXCopyFilesBuildPhase section */

/* Begin PBXFileReference section */
		0E2C07A316A67A8000F6BB88 /* matrixTranspose.cpp */ = {isa = PBXFileReference; lastKnownFileType = sourcecode.cpp.cpp; name = matrixTranspose.cpp; path = ../../../../../testSuite/matrixTranspose/source/code/src/matrixTranspose.cpp; sourceTree = "<group>"; };
		0E4016D816A9C3A80099CF5B /* pmlib.dylib */ = {isa = PBXFileReference; lastKnownFileType = "compiled.mach-o.dylib"; path = pmlib.dylib; sourceTree = BUILT_PRODUCTS_DIR; };
		0E817902166F89940092C7D4 /* FFT */ = {isa = PBXFileReference; explicitFileType = "compiled.mach-o.executable"; includeInIndex = 0; path = FFT; sourceTree = BUILT_PRODUCTS_DIR; };
		0E81792F166F8B1B0092C7D4 /* fft.h */ = {isa = PBXFileReference; fileEncoding = 4; lastKnownFileType = sourcecode.c.h; name = fft.h; path = ../../../../../testSuite/fft/source/code/inc/fft.h; sourceTree = "<group>"; };
		0E817931166F8B1B0092C7D4 /* fft.cpp */ = {isa = PBXFileReference; fileEncoding = 4; lastKnownFileType = sourcecode.cpp.cpp; name = fft.cpp; path = ../../../../../testSuite/fft/source/code/src/fft.cpp; sourceTree = "<group>"; };
		0E817932166F8B1B0092C7D4 /* fftCUDA.cu */ = {isa = PBXFileReference; explicitFileType = sourcecode.cpp.cpp; fileEncoding = 4; name = fftCUDA.cu; path = ../../../../../testSuite/fft/source/code/src/fftCUDA.cu; sourceTree = "<group>"; };
		0EF13CDE166FEF8600D012B4 /* commonAPI.cpp */ = {isa = PBXFileReference; lastKnownFileType = sourcecode.cpp.cpp; name = commonAPI.cpp; path = ../../../../../testSuite/common/source/code/src/commonAPI.cpp; sourceTree = "<group>"; };
/* End PBXFileReference section */

/* Begin PBXFrameworksBuildPhase section */
		0E8178FF166F89940092C7D4 /* Frameworks */ = {
			isa = PBXFrameworksBuildPhase;
			buildActionMask = 2147483647;
			files = (
				0E4016D916A9C3A80099CF5B /* pmlib.dylib in Frameworks */,
			);
			runOnlyForDeploymentPostprocessing = 0;
		};
/* End PBXFrameworksBuildPhase section */

/* Begin PBXGroup section */
		0E8178F7166F89940092C7D4 = {
			isa = PBXGroup;
			children = (
				0E4016D816A9C3A80099CF5B /* pmlib.dylib */,
				0E2C07A316A67A8000F6BB88 /* matrixTranspose.cpp */,
				0EF13CDE166FEF8600D012B4 /* commonAPI.cpp */,
				0E817905166F89940092C7D4 /* FFT */,
				0E817903166F89940092C7D4 /* Products */,
			);
			sourceTree = "<group>";
		};
		0E817903166F89940092C7D4 /* Products */ = {
			isa = PBXGroup;
			children = (
				0E817902166F89940092C7D4 /* FFT */,
			);
			name = Products;
			sourceTree = "<group>";
		};
		0E817905166F89940092C7D4 /* FFT */ = {
			isa = PBXGroup;
			children = (
				0E81792E166F8B1B0092C7D4 /* inc */,
				0E817930166F8B1B0092C7D4 /* src */,
			);
			path = FFT;
			sourceTree = "<group>";
		};
		0E81792E166F8B1B0092C7D4 /* inc */ = {
			isa = PBXGroup;
			children = (
				0E81792F166F8B1B0092C7D4 /* fft.h */,
			);
			name = inc;
			path = ../../../../../testSuite/fft/source/code/inc;
			sourceTree = SOURCE_ROOT;
		};
		0E817930166F8B1B0092C7D4 /* src */ = {
			isa = PBXGroup;
			children = (
				0E817931166F8B1B0092C7D4 /* fft.cpp */,
				0E817932166F8B1B0092C7D4 /* fftCUDA.cu */,
			);
			name = src;
			path = ../../../../../testSuite/fft/source/code/src;
			sourceTree = SOURCE_ROOT;
		};
/* End PBXGroup section */

/* Begin PBXNativeTarget section */
		0E817901166F89940092C7D4 /* FFT */ = {
			isa = PBXNativeTarget;
			buildConfigurationList = 0E81790C166F89940092C7D4 /* Build configuration list for PBXNativeTarget "FFT" */;
			buildPhases = (
				0E8178FE166F89940092C7D4 /* Sources */,
				0E8178FF166F89940092C7D4 /* Frameworks */,
				0E817900166F89940092C7D4 /* CopyFiles */,
			);
			buildRules = (
			);
			dependencies = (
			);
			name = FFT;
			productName = FFT;
			productReference = 0E817902166F89940092C7D4 /* FFT */;
			productType = "com.apple.product-type.tool";
		};
/* End PBXNativeTarget section */

/* Begin PBXProject section */
		0E8178F9166F89940092C7D4 /* Project object */ = {
			isa = PBXProject;
			attributes = {
				LastUpgradeCheck = 0450;
				ORGANIZATIONNAME = "Tarun Beri";
			};
			buildConfigurationList = 0E8178FC166F89940092C7D4 /* Build configuration list for PBXProject "FFT" */;
			compatibilityVersion = "Xcode 3.2";
			developmentRegion = English;
			hasScannedForEncodings = 0;
			knownRegions = (
				en,
			);
			mainGroup = 0E8178F7166F89940092C7D4;
			productRefGroup = 0E817903166F89940092C7D4 /* Products */;
			projectDirPath = "";
			projectRoot = "";
			targets = (
				0E817901166F89940092C7D4 /* FFT */,
			);
		};
/* End PBXProject section */

/* Begin PBXSourcesBuildPhase section */
		0E8178FE166F89940092C7D4 /* Sources */ = {
			isa = PBXSourcesBuildPhase;
			buildActionMask = 2147483647;
			files = (
				0E2C07A416A67A8000F6BB88 /* matrixTranspose.cpp in Sources */,
				0EF13CDF166FEF8600D012B4 /* commonAPI.cpp in Sources */,
				0E817933166F8B1B0092C7D4 /* fft.cpp in Sources */,
			);
			runOnlyForDeploymentPostprocessing = 0;
		};
/* End PBXSourcesBuildPhase section */

/* Begin XCBuildConfiguration section */
		0E81790A166F89940092C7D4 /* Debug */ = {
			isa = XCBuildConfiguration;
			buildSettings = {
				ALWAYS_SEARCH_USER_PATHS = NO;
				ARCHS = "$(ARCHS_STANDARD_64_BIT)";
				CLANG_CXX_LANGUAGE_STANDARD = "gnu++0x";
				CLANG_CXX_LIBRARY = "libc++";
				CLANG_WARN_EMPTY_BODY = YES;
				CLANG_WARN__DUPLICATE_METHOD_MATCH = YES;
				COPY_PHASE_STRIP = NO;
				GCC_C_LANGUAGE_STANDARD = gnu99;
				GCC_DYNAMIC_NO_PIC = NO;
				GCC_ENABLE_OBJC_EXCEPTIONS = YES;
				GCC_OPTIMIZATION_LEVEL = 0;
				GCC_PREPROCESSOR_DEFINITIONS = (
					"DEBUG=1",
					"$(inherited)",
				);
				GCC_SYMBOLS_PRIVATE_EXTERN = NO;
				GCC_WARN_64_TO_32_BIT_CONVERSION = YES;
				GCC_WARN_ABOUT_RETURN_TYPE = YES;
				GCC_WARN_UNINITIALIZED_AUTOS = YES;
				GCC_WARN_UNUSED_VARIABLE = YES;
				MACOSX_DEPLOYMENT_TARGET = 10.8;
				ONLY_ACTIVE_ARCH = YES;
				SDKROOT = macosx;
			};
			name = Debug;
		};
		0E81790B166F89940092C7D4 /* Release */ = {
			isa = XCBuildConfiguration;
			buildSettings = {
				ALWAYS_SEARCH_USER_PATHS = NO;
				ARCHS = "$(ARCHS_STANDARD_64_BIT)";
				CLANG_CXX_LANGUAGE_STANDARD = "gnu++0x";
				CLANG_CXX_LIBRARY = "libc++";
				CLANG_WARN_EMPTY_BODY = YES;
				CLANG_WARN__DUPLICATE_METHOD_MATCH = YES;
				COPY_PHASE_STRIP = YES;
				DEBUG_INFORMATION_FORMAT = "dwarf-with-dsym";
				GCC_C_LANGUAGE_STANDARD = gnu99;
				GCC_ENABLE_OBJC_EXCEPTIONS = YES;
				GCC_WARN_64_TO_32_BIT_CONVERSION = YES;
				GCC_WARN_ABOUT_RETURN_TYPE = YES;
				GCC_WARN_UNINITIALIZED_AUTOS = YES;
				GCC_WARN_UNUSED_VARIABLE = YES;
				MACOSX_DEPLOYMENT_TARGET = 10.8;
				SDKROOT = macosx;
			};
			name = Release;
		};
		0E81790D166F89940092C7D4 /* Debug */ = {
			isa = XCBuildConfiguration;
			buildSettings = {
				GCC_PREPROCESSOR_DEFINITIONS = "";
				"GCC_PREPROCESSOR_DEFINITIONS[arch=*]" = (
					"DEBUG=1",
					"SAMPLE_NAME=fft",
					"FFT_DATA_TYPE=complex",
					"MATRIX_DATA_TYPE=complex",
				);
				HEADER_SEARCH_PATHS = (
					$SRCROOT/../../../../../source/code/inc/,
					$SRCROOT/../../../../../testsuite/common/source/code/inc/,
					$SRCROOT/../../../../../testsuite/matrixTranspose/source/code/inc/,
					"$SRCROOT/../../../../../testsuite/fft/thirdparty/fftw-3.3.3/installation/include",
				);
				LIBRARY_SEARCH_PATHS = "$SRCROOT/../../../../../testsuite/fft/thirdparty/fftw-3.3.3/installation/lib";
				OTHER_LDFLAGS = "-lfftw3f";
				PRODUCT_NAME = "$(TARGET_NAME)";
			};
			name = Debug;
		};
		0E81790E166F89940092C7D4 /* Release */ = {
			isa = XCBuildConfiguration;
			buildSettings = {
				"GCC_PREPROCESSOR_DEFINITIONS[arch=*]" = (
					"SAMPLE_NAME=fft",
					"FFT_DATA_TYPE=complex",
					"MATRIX_DATA_TYPE=complex",
				);
				HEADER_SEARCH_PATHS = (
					$SRCROOT/../../../../../source/code/inc/,
					$SRCROOT/../../../../../testsuite/common/source/code/inc/,
					$SRCROOT/../../../../../testsuite/matrixTranspose/source/code/inc/,
					"$SRCROOT/../../../../../testsuite/fft/thirdparty/fftw-3.3.3/installation/include",
				);
				LIBRARY_SEARCH_PATHS = "$SRCROOT/../../../../../testsuite/fft/thirdparty/fftw-3.3.3/installation/lib";
				OTHER_LDFLAGS = "-lfftw3f";
				PRODUCT_NAME = "$(TARGET_NAME)";
			};
			name = Release;
		};
/* End XCBuildConfiguration section */

/* Begin XCConfigurationList section */
		0E8178FC166F89940092C7D4 /* Build configuration list for PBXProject "FFT" */ = {
			isa = XCConfigurationList;
			buildConfigurations = (
				0E81790A166F89940092C7D4 /* Debug */,
				0E81790B166F89940092C7D4 /* Release */,
			);
			defaultConfigurationIsVisible = 0;
			defaultConfigurationName = Release;
		};
		0E81790C166F89940092C7D4 /* Build configuration list for PBXNativeTarget "FFT" */ = {
			isa = XCConfigurationList;
			buildConfigurations = (
				0E81790D166F89940092C7D4 /* Debug */,
				0E81790E166F89940092C7D4 /* Release */,
			);
			defaultConfigurationIsVisible = 0;
			defaultConfigurationName = Release;
		};
/* End XCConfigurationList section */
	};
	rootObject = 0E8178F9166F89940092C7D4 /* Project object */;
}
