// !$*UTF8*$!
{
	archiveVersion = 1;
	classes = {
	};
	objectVersion = 46;
	objects = {

/* Begin PBXBuildFile section */
		2B0809491765113A00E014B6 /* analyzer.cpp in Sources */ = {isa = PBXBuildFile; fileRef = 2B0809461765069E00E014B6 /* analyzer.cpp */; };
		2B08094A1765113A00E014B6 /* benchmark.cpp in Sources */ = {isa = PBXBuildFile; fileRef = 2B0809471765069E00E014B6 /* benchmark.cpp */; };
		2B08094B1765113A00E014B6 /* graph.cpp in Sources */ = {isa = PBXBuildFile; fileRef = 2B0809481765069E00E014B6 /* graph.cpp */; };
/* End PBXBuildFile section */

/* Begin PBXCopyFilesBuildPhase section */
		2BE68599173ABD7F00E8BDD1 /* CopyFiles */ = {
			isa = PBXCopyFilesBuildPhase;
			buildActionMask = 2147483647;
			dstPath = /usr/share/man/man1/;
			dstSubfolderSpec = 0;
			files = (
			);
			runOnlyForDeploymentPostprocessing = 1;
		};
/* End PBXCopyFilesBuildPhase section */

/* Begin PBXFileReference section */
		2B0809421765069E00E014B6 /* analyzer.h */ = {isa = PBXFileReference; lastKnownFileType = sourcecode.c.h; path = analyzer.h; sourceTree = "<group>"; };
		2B0809431765069E00E014B6 /* benchmark.h */ = {isa = PBXFileReference; lastKnownFileType = sourcecode.c.h; path = benchmark.h; sourceTree = "<group>"; };
		2B0809441765069E00E014B6 /* graph.h */ = {isa = PBXFileReference; lastKnownFileType = sourcecode.c.h; path = graph.h; sourceTree = "<group>"; };
		2B0809461765069E00E014B6 /* analyzer.cpp */ = {isa = PBXFileReference; lastKnownFileType = sourcecode.cpp.cpp; path = analyzer.cpp; sourceTree = "<group>"; };
		2B0809471765069E00E014B6 /* benchmark.cpp */ = {isa = PBXFileReference; lastKnownFileType = sourcecode.cpp.cpp; path = benchmark.cpp; sourceTree = "<group>"; };
		2B0809481765069E00E014B6 /* graph.cpp */ = {isa = PBXFileReference; lastKnownFileType = sourcecode.cpp.cpp; path = graph.cpp; sourceTree = "<group>"; };
		2BE6859B173ABD7F00E8BDD1 /* Analyzer */ = {isa = PBXFileReference; explicitFileType = "compiled.mach-o.executable"; includeInIndex = 0; path = Analyzer; sourceTree = BUILT_PRODUCTS_DIR; };
/* End PBXFileReference section */

/* Begin PBXFrameworksBuildPhase section */
		2BE68598173ABD7F00E8BDD1 /* Frameworks */ = {
			isa = PBXFrameworksBuildPhase;
			buildActionMask = 2147483647;
			files = (
			);
			runOnlyForDeploymentPostprocessing = 0;
		};
/* End PBXFrameworksBuildPhase section */

/* Begin PBXGroup section */
		2B0809411765069E00E014B6 /* inc */ = {
			isa = PBXGroup;
			children = (
				2B0809421765069E00E014B6 /* analyzer.h */,
				2B0809431765069E00E014B6 /* benchmark.h */,
				2B0809441765069E00E014B6 /* graph.h */,
			);
			name = inc;
			path = ../../../../../../analyzers/source/code/inc;
			sourceTree = "<group>";
		};
		2B0809451765069E00E014B6 /* src */ = {
			isa = PBXGroup;
			children = (
				2B0809461765069E00E014B6 /* analyzer.cpp */,
				2B0809471765069E00E014B6 /* benchmark.cpp */,
				2B0809481765069E00E014B6 /* graph.cpp */,
			);
			name = src;
			path = ../../../../../../analyzers/source/code/src;
			sourceTree = "<group>";
		};
		2BE68592173ABD7F00E8BDD1 = {
			isa = PBXGroup;
			children = (
				2B0809411765069E00E014B6 /* inc */,
				2B0809451765069E00E014B6 /* src */,
				2BE6859C173ABD7F00E8BDD1 /* Products */,
			);
			sourceTree = "<group>";
		};
		2BE6859C173ABD7F00E8BDD1 /* Products */ = {
			isa = PBXGroup;
			children = (
				2BE6859B173ABD7F00E8BDD1 /* Analyzer */,
			);
			name = Products;
			sourceTree = "<group>";
		};
/* End PBXGroup section */

/* Begin PBXNativeTarget section */
		2BE6859A173ABD7F00E8BDD1 /* Analyzer */ = {
			isa = PBXNativeTarget;
			buildConfigurationList = 2BE685A4173ABD7F00E8BDD1 /* Build configuration list for PBXNativeTarget "Analyzer" */;
			buildPhases = (
				2BE68597173ABD7F00E8BDD1 /* Sources */,
				2BE68598173ABD7F00E8BDD1 /* Frameworks */,
				2BE68599173ABD7F00E8BDD1 /* CopyFiles */,
			);
			buildRules = (
			);
			dependencies = (
			);
			name = Analyzer;
			productName = analyzer;
			productReference = 2BE6859B173ABD7F00E8BDD1 /* Analyzer */;
			productType = "com.apple.product-type.tool";
		};
/* End PBXNativeTarget section */

/* Begin PBXProject section */
		2BE68593173ABD7F00E8BDD1 /* Project object */ = {
			isa = PBXProject;
			attributes = {
				LastUpgradeCheck = 0460;
				ORGANIZATIONNAME = tberi;
			};
			buildConfigurationList = 2BE68596173ABD7F00E8BDD1 /* Build configuration list for PBXProject "Analyzer" */;
			compatibilityVersion = "Xcode 3.2";
			developmentRegion = English;
			hasScannedForEncodings = 0;
			knownRegions = (
				en,
			);
			mainGroup = 2BE68592173ABD7F00E8BDD1;
			productRefGroup = 2BE6859C173ABD7F00E8BDD1 /* Products */;
			projectDirPath = "";
			projectRoot = "";
			targets = (
				2BE6859A173ABD7F00E8BDD1 /* Analyzer */,
			);
		};
/* End PBXProject section */

/* Begin PBXSourcesBuildPhase section */
		2BE68597173ABD7F00E8BDD1 /* Sources */ = {
			isa = PBXSourcesBuildPhase;
			buildActionMask = 2147483647;
			files = (
				2B0809491765113A00E014B6 /* analyzer.cpp in Sources */,
				2B08094A1765113A00E014B6 /* benchmark.cpp in Sources */,
				2B08094B1765113A00E014B6 /* graph.cpp in Sources */,
			);
			runOnlyForDeploymentPostprocessing = 0;
		};
/* End PBXSourcesBuildPhase section */

/* Begin XCBuildConfiguration section */
		2BE685A2173ABD7F00E8BDD1 /* Debug */ = {
			isa = XCBuildConfiguration;
			buildSettings = {
				ALWAYS_SEARCH_USER_PATHS = NO;
				ARCHS = "$(ARCHS_STANDARD_64_BIT)";
				CLANG_CXX_LANGUAGE_STANDARD = "gnu++0x";
				CLANG_CXX_LIBRARY = "libc++";
				CLANG_WARN_CONSTANT_CONVERSION = YES;
				CLANG_WARN_EMPTY_BODY = YES;
				CLANG_WARN_ENUM_CONVERSION = YES;
				CLANG_WARN_INT_CONVERSION = YES;
				CLANG_WARN__DUPLICATE_METHOD_MATCH = YES;
				COPY_PHASE_STRIP = NO;
				GCC_C_LANGUAGE_STANDARD = gnu99;
				GCC_DYNAMIC_NO_PIC = NO;
				GCC_ENABLE_OBJC_EXCEPTIONS = YES;
				GCC_OPTIMIZATION_LEVEL = 0;
				GCC_PREPROCESSOR_DEFINITIONS = (
					"DEBUG=1",
					"$(inherited)",
				);
				GCC_SYMBOLS_PRIVATE_EXTERN = NO;
				GCC_WARN_64_TO_32_BIT_CONVERSION = YES;
				GCC_WARN_ABOUT_RETURN_TYPE = YES;
				GCC_WARN_UNINITIALIZED_AUTOS = YES;
				GCC_WARN_UNUSED_VARIABLE = YES;
				MACOSX_DEPLOYMENT_TARGET = 10.8;
				ONLY_ACTIVE_ARCH = YES;
				SDKROOT = macosx;
			};
			name = Debug;
		};
		2BE685A3173ABD7F00E8BDD1 /* Release */ = {
			isa = XCBuildConfiguration;
			buildSettings = {
				ALWAYS_SEARCH_USER_PATHS = NO;
				ARCHS = "$(ARCHS_STANDARD_64_BIT)";
				CLANG_CXX_LANGUAGE_STANDARD = "gnu++0x";
				CLANG_CXX_LIBRARY = "libc++";
				CLANG_WARN_CONSTANT_CONVERSION = YES;
				CLANG_WARN_EMPTY_BODY = YES;
				CLANG_WARN_ENUM_CONVERSION = YES;
				CLANG_WARN_INT_CONVERSION = YES;
				CLANG_WARN__DUPLICATE_METHOD_MATCH = YES;
				COPY_PHASE_STRIP = YES;
				DEBUG_INFORMATION_FORMAT = "dwarf-with-dsym";
				GCC_C_LANGUAGE_STANDARD = gnu99;
				GCC_ENABLE_OBJC_EXCEPTIONS = YES;
				GCC_WARN_64_TO_32_BIT_CONVERSION = YES;
				GCC_WARN_ABOUT_RETURN_TYPE = YES;
				GCC_WARN_UNINITIALIZED_AUTOS = YES;
				GCC_WARN_UNUSED_VARIABLE = YES;
				MACOSX_DEPLOYMENT_TARGET = 10.8;
				SDKROOT = macosx;
			};
			name = Release;
		};
		2BE685A5173ABD7F00E8BDD1 /* Debug */ = {
			isa = XCBuildConfiguration;
			buildSettings = {
				GCC_PREPROCESSOR_DEFINITIONS = "DEBUG=1";
				PRODUCT_NAME = Analyzer;
			};
			name = Debug;
		};
		2BE685A6173ABD7F00E8BDD1 /* Release */ = {
			isa = XCBuildConfiguration;
			buildSettings = {
				GCC_PREPROCESSOR_DEFINITIONS = "";
				PRODUCT_NAME = Analyzer;
			};
			name = Release;
		};
/* End XCBuildConfiguration section */

/* Begin XCConfigurationList section */
		2BE68596173ABD7F00E8BDD1 /* Build configuration list for PBXProject "Analyzer" */ = {
			isa = XCConfigurationList;
			buildConfigurations = (
				2BE685A2173ABD7F00E8BDD1 /* Debug */,
				2BE685A3173ABD7F00E8BDD1 /* Release */,
			);
			defaultConfigurationIsVisible = 0;
			defaultConfigurationName = Release;
		};
		2BE685A4173ABD7F00E8BDD1 /* Build configuration list for PBXNativeTarget "Analyzer" */ = {
			isa = XCConfigurationList;
			buildConfigurations = (
				2BE685A5173ABD7F00E8BDD1 /* Debug */,
				2BE685A6173ABD7F00E8BDD1 /* Release */,
			);
			defaultConfigurationIsVisible = 0;
			defaultConfigurationName = Release;
		};
/* End XCConfigurationList section */
	};
	rootObject = 2BE68593173ABD7F00E8BDD1 /* Project object */;
}
