// !$*UTF8*$!
{
	archiveVersion = 1;
	classes = {
	};
	objectVersion = 46;
	objects = {

/* Begin PBXBuildFile section */
		0E00FF411670D1F5004F6C47 /* commonAPI.cpp in Sources */ = {isa = PBXBuildFile; fileRef = 0E00FF401670D1F5004F6C47 /* commonAPI.cpp */; };
		0E81792D166F8B020092C7D4 /* radixSort.cpp in Sources */ = {isa = PBXBuildFile; fileRef = 0E81792B166F8B020092C7D4 /* radixSort.cpp */; };
		0E81794A166F8E520092C7D4 /* pmlib.dylib in Frameworks */ = {isa = PBXBuildFile; fileRef = 0E817949166F8E520092C7D4 /* pmlib.dylib */; };
/* End PBXBuildFile section */

/* Begin PBXCopyFilesBuildPhase section */
		0E8178E8166F89770092C7D4 /* CopyFiles */ = {
			isa = PBXCopyFilesBuildPhase;
			buildActionMask = 2147483647;
			dstPath = /usr/share/man/man1/;
			dstSubfolderSpec = 0;
			files = (
			);
			runOnlyForDeploymentPostprocessing = 1;
		};
/* End PBXCopyFilesBuildPhase section */

/* Begin PBXFileReference section */
		0E00FF401670D1F5004F6C47 /* commonAPI.cpp */ = {isa = PBXFileReference; lastKnownFileType = sourcecode.cpp.cpp; name = commonAPI.cpp; path = ../../../../../testSuite/common/source/code/src/commonAPI.cpp; sourceTree = "<group>"; };
		0E8178EA166F89770092C7D4 /* RadixSort */ = {isa = PBXFileReference; explicitFileType = "compiled.mach-o.executable"; includeInIndex = 0; path = RadixSort; sourceTree = BUILT_PRODUCTS_DIR; };
		0E817929166F8B020092C7D4 /* radixSort.h */ = {isa = PBXFileReference; fileEncoding = 4; lastKnownFileType = sourcecode.c.h; path = radixSort.h; sourceTree = "<group>"; };
		0E81792B166F8B020092C7D4 /* radixSort.cpp */ = {isa = PBXFileReference; fileEncoding = 4; lastKnownFileType = sourcecode.cpp.cpp; path = radixSort.cpp; sourceTree = "<group>"; };
		0E81792C166F8B020092C7D4 /* radixSort.cu */ = {isa = PBXFileReference; explicitFileType = sourcecode.cpp.cpp; fileEncoding = 4; path = radixSort.cu; sourceTree = "<group>"; };
		0E817949166F8E520092C7D4 /* pmlib.dylib */ = {isa = PBXFileReference; lastKnownFileType = "compiled.mach-o.dylib"; name = pmlib.dylib; path = "../../../../../../../Library/Developer/Xcode/DerivedData/pmlib_ws-btzrzgfrhtfijahfgimbyqhlmueb/Build/Products/Debug/pmlib.dylib"; sourceTree = "<group>"; };
/* End PBXFileReference section */

/* Begin PBXFrameworksBuildPhase section */
		0E8178E7166F89770092C7D4 /* Frameworks */ = {
			isa = PBXFrameworksBuildPhase;
			buildActionMask = 2147483647;
			files = (
				0E81794A166F8E520092C7D4 /* pmlib.dylib in Frameworks */,
			);
			runOnlyForDeploymentPostprocessing = 0;
		};
/* End PBXFrameworksBuildPhase section */

/* Begin PBXGroup section */
		0E8178DF166F89770092C7D4 = {
			isa = PBXGroup;
			children = (
				0E00FF401670D1F5004F6C47 /* commonAPI.cpp */,
				0E817949166F8E520092C7D4 /* pmlib.dylib */,
				0E8178ED166F89770092C7D4 /* RadixSort */,
				0E8178EB166F89770092C7D4 /* Products */,
			);
			sourceTree = "<group>";
		};
		0E8178EB166F89770092C7D4 /* Products */ = {
			isa = PBXGroup;
			children = (
				0E8178EA166F89770092C7D4 /* RadixSort */,
			);
			name = Products;
			sourceTree = "<group>";
		};
		0E8178ED166F89770092C7D4 /* RadixSort */ = {
			isa = PBXGroup;
			children = (
				0E817928166F8B020092C7D4 /* inc */,
				0E81792A166F8B020092C7D4 /* src */,
			);
			path = RadixSort;
			sourceTree = "<group>";
		};
		0E817928166F8B020092C7D4 /* inc */ = {
			isa = PBXGroup;
			children = (
				0E817929166F8B020092C7D4 /* radixSort.h */,
			);
			name = inc;
			path = ../../../../../../testSuite/radixSort/source/code/inc;
			sourceTree = "<group>";
		};
		0E81792A166F8B020092C7D4 /* src */ = {
			isa = PBXGroup;
			children = (
				0E81792B166F8B020092C7D4 /* radixSort.cpp */,
				0E81792C166F8B020092C7D4 /* radixSort.cu */,
			);
			name = src;
			path = ../../../../../../testSuite/radixSort/source/code/src;
			sourceTree = "<group>";
		};
/* End PBXGroup section */

/* Begin PBXNativeTarget section */
		0E8178E9166F89770092C7D4 /* RadixSort */ = {
			isa = PBXNativeTarget;
			buildConfigurationList = 0E8178F4166F89770092C7D4 /* Build configuration list for PBXNativeTarget "RadixSort" */;
			buildPhases = (
				0E8178E6166F89770092C7D4 /* Sources */,
				0E8178E7166F89770092C7D4 /* Frameworks */,
				0E8178E8166F89770092C7D4 /* CopyFiles */,
			);
			buildRules = (
			);
			dependencies = (
			);
			name = RadixSort;
			productName = RadixSort;
			productReference = 0E8178EA166F89770092C7D4 /* RadixSort */;
			productType = "com.apple.product-type.tool";
		};
/* End PBXNativeTarget section */

/* Begin PBXProject section */
		0E8178E1166F89770092C7D4 /* Project object */ = {
			isa = PBXProject;
			attributes = {
				LastUpgradeCheck = 0450;
				ORGANIZATIONNAME = "Tarun Beri";
			};
			buildConfigurationList = 0E8178E4166F89770092C7D4 /* Build configuration list for PBXProject "RadixSort" */;
			compatibilityVersion = "Xcode 3.2";
			developmentRegion = English;
			hasScannedForEncodings = 0;
			knownRegions = (
				en,
			);
			mainGroup = 0E8178DF166F89770092C7D4;
			productRefGroup = 0E8178EB166F89770092C7D4 /* Products */;
			projectDirPath = "";
			projectRoot = "";
			targets = (
				0E8178E9166F89770092C7D4 /* RadixSort */,
			);
		};
/* End PBXProject section */

/* Begin PBXSourcesBuildPhase section */
		0E8178E6166F89770092C7D4 /* Sources */ = {
			isa = PBXSourcesBuildPhase;
			buildActionMask = 2147483647;
			files = (
				0E00FF411670D1F5004F6C47 /* commonAPI.cpp in Sources */,
				0E81792D166F8B020092C7D4 /* radixSort.cpp in Sources */,
			);
			runOnlyForDeploymentPostprocessing = 0;
		};
/* End PBXSourcesBuildPhase section */

/* Begin XCBuildConfiguration section */
		0E8178F2166F89770092C7D4 /* Debug */ = {
			isa = XCBuildConfiguration;
			buildSettings = {
				ALWAYS_SEARCH_USER_PATHS = NO;
				ARCHS = "$(ARCHS_STANDARD_64_BIT)";
				CLANG_CXX_LANGUAGE_STANDARD = "gnu++0x";
				CLANG_CXX_LIBRARY = "libc++";
				CLANG_WARN_EMPTY_BODY = YES;
				CLANG_WARN__DUPLICATE_METHOD_MATCH = YES;
				COPY_PHASE_STRIP = NO;
				GCC_C_LANGUAGE_STANDARD = gnu99;
				GCC_DYNAMIC_NO_PIC = NO;
				GCC_ENABLE_OBJC_EXCEPTIONS = YES;
				GCC_OPTIMIZATION_LEVEL = 0;
				GCC_PREPROCESSOR_DEFINITIONS = (
					"DEBUG=1",
					"$(inherited)",
				);
				GCC_SYMBOLS_PRIVATE_EXTERN = NO;
				GCC_WARN_64_TO_32_BIT_CONVERSION = YES;
				GCC_WARN_ABOUT_RETURN_TYPE = YES;
				GCC_WARN_UNINITIALIZED_AUTOS = YES;
				GCC_WARN_UNUSED_VARIABLE = YES;
				MACOSX_DEPLOYMENT_TARGET = 10.8;
				ONLY_ACTIVE_ARCH = YES;
				SDKROOT = macosx;
			};
			name = Debug;
		};
		0E8178F3166F89770092C7D4 /* Release */ = {
			isa = XCBuildConfiguration;
			buildSettings = {
				ALWAYS_SEARCH_USER_PATHS = NO;
				ARCHS = "$(ARCHS_STANDARD_64_BIT)";
				CLANG_CXX_LANGUAGE_STANDARD = "gnu++0x";
				CLANG_CXX_LIBRARY = "libc++";
				CLANG_WARN_EMPTY_BODY = YES;
				CLANG_WARN__DUPLICATE_METHOD_MATCH = YES;
				COPY_PHASE_STRIP = YES;
				DEBUG_INFORMATION_FORMAT = "dwarf-with-dsym";
				GCC_C_LANGUAGE_STANDARD = gnu99;
				GCC_ENABLE_OBJC_EXCEPTIONS = YES;
				GCC_WARN_64_TO_32_BIT_CONVERSION = YES;
				GCC_WARN_ABOUT_RETURN_TYPE = YES;
				GCC_WARN_UNINITIALIZED_AUTOS = YES;
				GCC_WARN_UNUSED_VARIABLE = YES;
				MACOSX_DEPLOYMENT_TARGET = 10.8;
				SDKROOT = macosx;
			};
			name = Release;
		};
		0E8178F5166F89770092C7D4 /* Debug */ = {
			isa = XCBuildConfiguration;
			buildSettings = {
				GCC_PREPROCESSOR_DEFINITIONS = "";
				"GCC_PREPROCESSOR_DEFINITIONS[arch=*]" = (
					"DEBUG=1",
					"SAMPLE_NAME=radixSort",
				);
				"HEADER_SEARCH_PATHS[arch=*]" = (
					/Users/tarunberi/Development/pmlib/testSuite/common/source/code/inc/,
					/Users/tarunberi/Development/pmlib/source/code/inc/,
				);
				LIBRARY_SEARCH_PATHS = (
					"$(inherited)",
					"\"$(SRCROOT)/../../../../../../../Library/Developer/Xcode/DerivedData/pmlib_ws-btzrzgfrhtfijahfgimbyqhlmueb/Build/Products/Debug\"",
				);
				PRODUCT_NAME = "$(TARGET_NAME)";
			};
			name = Debug;
		};
		0E8178F6166F89770092C7D4 /* Release */ = {
			isa = XCBuildConfiguration;
			buildSettings = {
				"GCC_PREPROCESSOR_DEFINITIONS[arch=*]" = "SAMPLE_NAME=radixSort";
				"HEADER_SEARCH_PATHS[arch=*]" = (
					/Users/tarunberi/Development/pmlib/testSuite/common/source/code/inc/,
					/Users/tarunberi/Development/pmlib/source/code/inc/,
				);
				LIBRARY_SEARCH_PATHS = (
					"$(inherited)",
					"\"$(SRCROOT)/../../../../../../../Library/Developer/Xcode/DerivedData/pmlib_ws-btzrzgfrhtfijahfgimbyqhlmueb/Build/Products/Debug\"",
				);
				PRODUCT_NAME = "$(TARGET_NAME)";
			};
			name = Release;
		};
/* End XCBuildConfiguration section */

/* Begin XCConfigurationList section */
		0E8178E4166F89770092C7D4 /* Build configuration list for PBXProject "RadixSort" */ = {
			isa = XCConfigurationList;
			buildConfigurations = (
				0E8178F2166F89770092C7D4 /* Debug */,
				0E8178F3166F89770092C7D4 /* Release */,
			);
			defaultConfigurationIsVisible = 0;
			defaultConfigurationName = Release;
		};
		0E8178F4166F89770092C7D4 /* Build configuration list for PBXNativeTarget "RadixSort" */ = {
			isa = XCConfigurationList;
			buildConfigurations = (
				0E8178F5166F89770092C7D4 /* Debug */,
				0E8178F6166F89770092C7D4 /* Release */,
			);
			defaultConfigurationIsVisible = 0;
			defaultConfigurationName = Release;
		};
/* End XCConfigurationList section */
	};
	rootObject = 0E8178E1166F89770092C7D4 /* Project object */;
}
