// !$*UTF8*$!
{
	archiveVersion = 1;
	classes = {
	};
	objectVersion = 46;
	objects = {

/* Begin PBXBuildFile section */
		0EDFDC4715A0D879003DE0D1 /* libmpi.0.dylib in Frameworks */ = {isa = PBXBuildFile; fileRef = 0EDFDC4615A0D879003DE0D1 /* libmpi.0.dylib */; };
		0EDFDC4915A0D8AD003DE0D1 /* libmpi_cxx.0.dylib in Frameworks */ = {isa = PBXBuildFile; fileRef = 0EDFDC4815A0D8AD003DE0D1 /* libmpi_cxx.0.dylib */; };
		0EFF67BA1545CF7800ED4E8F /* pmRedistributor.h in Headers */ = {isa = PBXBuildFile; fileRef = 0EFF67B91545CF7800ED4E8F /* pmRedistributor.h */; };
		0EFF67BD1545CF9A00ED4E8F /* pmRedistributor.cpp in Sources */ = {isa = PBXBuildFile; fileRef = 0EFF67BC1545CF9A00ED4E8F /* pmRedistributor.cpp */; };
		2BCCED6E151C7B07006AA45D /* pmBase.h in Headers */ = {isa = PBXBuildFile; fileRef = 2BCCED2F151C7B07006AA45D /* pmBase.h */; };
		2BCCED6F151C7B07006AA45D /* pmCallback.h in Headers */ = {isa = PBXBuildFile; fileRef = 2BCCED30151C7B07006AA45D /* pmCallback.h */; };
		2BCCED70151C7B07006AA45D /* pmCallbackUnit.h in Headers */ = {isa = PBXBuildFile; fileRef = 2BCCED31151C7B07006AA45D /* pmCallbackUnit.h */; };
		2BCCED71151C7B07006AA45D /* pmCluster.h in Headers */ = {isa = PBXBuildFile; fileRef = 2BCCED32151C7B07006AA45D /* pmCluster.h */; };
		2BCCED72151C7B07006AA45D /* pmCommand.h in Headers */ = {isa = PBXBuildFile; fileRef = 2BCCED33151C7B07006AA45D /* pmCommand.h */; };
		2BCCED73151C7B07006AA45D /* pmCommunicator.h in Headers */ = {isa = PBXBuildFile; fileRef = 2BCCED34151C7B07006AA45D /* pmCommunicator.h */; };
		2BCCED74151C7B07006AA45D /* pmController.h in Headers */ = {isa = PBXBuildFile; fileRef = 2BCCED35151C7B07006AA45D /* pmController.h */; };
		2BCCED75151C7B07006AA45D /* pmDataTypes.h in Headers */ = {isa = PBXBuildFile; fileRef = 2BCCED36151C7B07006AA45D /* pmDataTypes.h */; };
		2BCCED76151C7B07006AA45D /* pmDevicePool.h in Headers */ = {isa = PBXBuildFile; fileRef = 2BCCED37151C7B07006AA45D /* pmDevicePool.h */; };
		2BCCED77151C7B07006AA45D /* pmDispatcherGPU.h in Headers */ = {isa = PBXBuildFile; fileRef = 2BCCED38151C7B07006AA45D /* pmDispatcherGPU.h */; };
		2BCCED78151C7B07006AA45D /* pmErrorDefinitions.h in Headers */ = {isa = PBXBuildFile; fileRef = 2BCCED39151C7B07006AA45D /* pmErrorDefinitions.h */; };
		2BCCED79151C7B07006AA45D /* pmExecutionStub.h in Headers */ = {isa = PBXBuildFile; fileRef = 2BCCED3A151C7B07006AA45D /* pmExecutionStub.h */; };
		2BCCED7A151C7B07006AA45D /* pmHardware.h in Headers */ = {isa = PBXBuildFile; fileRef = 2BCCED3B151C7B07006AA45D /* pmHardware.h */; };
		2BCCED7B151C7B07006AA45D /* pmInternalDefinitions.h in Headers */ = {isa = PBXBuildFile; fileRef = 2BCCED3C151C7B07006AA45D /* pmInternalDefinitions.h */; };
		2BCCED7C151C7B07006AA45D /* pmLogger.h in Headers */ = {isa = PBXBuildFile; fileRef = 2BCCED3D151C7B07006AA45D /* pmLogger.h */; };
		2BCCED7D151C7B07006AA45D /* pmMemoryManager.h in Headers */ = {isa = PBXBuildFile; fileRef = 2BCCED3E151C7B07006AA45D /* pmMemoryManager.h */; };
		2BCCED7E151C7B07006AA45D /* pmMemSection.h in Headers */ = {isa = PBXBuildFile; fileRef = 2BCCED3F151C7B07006AA45D /* pmMemSection.h */; };
		2BCCED7F151C7B07006AA45D /* pmNetwork.h in Headers */ = {isa = PBXBuildFile; fileRef = 2BCCED40151C7B07006AA45D /* pmNetwork.h */; };
		2BCCED80151C7B07006AA45D /* pmPublicDefinitions.h in Headers */ = {isa = PBXBuildFile; fileRef = 2BCCED41151C7B07006AA45D /* pmPublicDefinitions.h */; };
		2BCCED81151C7B07006AA45D /* pmReducer.h in Headers */ = {isa = PBXBuildFile; fileRef = 2BCCED42151C7B07006AA45D /* pmReducer.h */; };
		2BCCED82151C7B07006AA45D /* pmResourceLock.h in Headers */ = {isa = PBXBuildFile; fileRef = 2BCCED43151C7B07006AA45D /* pmResourceLock.h */; };
		2BCCED83151C7B07006AA45D /* pmSafePriorityQueue.h in Headers */ = {isa = PBXBuildFile; fileRef = 2BCCED44151C7B07006AA45D /* pmSafePriorityQueue.h */; };
		2BCCED84151C7B07006AA45D /* pmScheduler.h in Headers */ = {isa = PBXBuildFile; fileRef = 2BCCED45151C7B07006AA45D /* pmScheduler.h */; };
		2BCCED85151C7B07006AA45D /* pmSignalWait.h in Headers */ = {isa = PBXBuildFile; fileRef = 2BCCED46151C7B07006AA45D /* pmSignalWait.h */; };
		2BCCED86151C7B07006AA45D /* pmStubManager.h in Headers */ = {isa = PBXBuildFile; fileRef = 2BCCED47151C7B07006AA45D /* pmStubManager.h */; };
		2BCCED87151C7B07006AA45D /* pmSubscriptionManager.h in Headers */ = {isa = PBXBuildFile; fileRef = 2BCCED48151C7B07006AA45D /* pmSubscriptionManager.h */; };
		2BCCED88151C7B07006AA45D /* pmSubtaskManager.h in Headers */ = {isa = PBXBuildFile; fileRef = 2BCCED49151C7B07006AA45D /* pmSubtaskManager.h */; };
		2BCCED89151C7B07006AA45D /* pmTask.h in Headers */ = {isa = PBXBuildFile; fileRef = 2BCCED4A151C7B07006AA45D /* pmTask.h */; };
		2BCCED8A151C7B07006AA45D /* pmTaskExecStats.h in Headers */ = {isa = PBXBuildFile; fileRef = 2BCCED4B151C7B07006AA45D /* pmTaskExecStats.h */; };
		2BCCED8B151C7B07006AA45D /* pmTaskManager.h in Headers */ = {isa = PBXBuildFile; fileRef = 2BCCED4C151C7B07006AA45D /* pmTaskManager.h */; };
		2BCCED8C151C7B07006AA45D /* pmThread.h in Headers */ = {isa = PBXBuildFile; fileRef = 2BCCED4D151C7B07006AA45D /* pmThread.h */; };
		2BCCED8D151C7B07006AA45D /* pmTimer.h in Headers */ = {isa = PBXBuildFile; fileRef = 2BCCED4E151C7B07006AA45D /* pmTimer.h */; };
		2BCCED8E151C7B07006AA45D /* pmBase.cpp in Sources */ = {isa = PBXBuildFile; fileRef = 2BCCED50151C7B07006AA45D /* pmBase.cpp */; };
		2BCCED8F151C7B07006AA45D /* pmCallback.cpp in Sources */ = {isa = PBXBuildFile; fileRef = 2BCCED51151C7B07006AA45D /* pmCallback.cpp */; };
		2BCCED90151C7B07006AA45D /* pmCallbackUnit.cpp in Sources */ = {isa = PBXBuildFile; fileRef = 2BCCED52151C7B07006AA45D /* pmCallbackUnit.cpp */; };
		2BCCED91151C7B07006AA45D /* pmCluster.cpp in Sources */ = {isa = PBXBuildFile; fileRef = 2BCCED53151C7B07006AA45D /* pmCluster.cpp */; };
		2BCCED92151C7B07006AA45D /* pmCommand.cpp in Sources */ = {isa = PBXBuildFile; fileRef = 2BCCED54151C7B07006AA45D /* pmCommand.cpp */; };
		2BCCED93151C7B07006AA45D /* pmCommunicator.cpp in Sources */ = {isa = PBXBuildFile; fileRef = 2BCCED55151C7B07006AA45D /* pmCommunicator.cpp */; };
		2BCCED94151C7B07006AA45D /* pmController.cpp in Sources */ = {isa = PBXBuildFile; fileRef = 2BCCED56151C7B07006AA45D /* pmController.cpp */; };
		2BCCED95151C7B07006AA45D /* pmDevicePool.cpp in Sources */ = {isa = PBXBuildFile; fileRef = 2BCCED57151C7B07006AA45D /* pmDevicePool.cpp */; };
		2BCCED96151C7B07006AA45D /* pmDispatcherGPU.cpp in Sources */ = {isa = PBXBuildFile; fileRef = 2BCCED59151C7B07006AA45D /* pmDispatcherGPU.cpp */; };
		2BCCED97151C7B07006AA45D /* pmExecutionStub.cpp in Sources */ = {isa = PBXBuildFile; fileRef = 2BCCED5A151C7B07006AA45D /* pmExecutionStub.cpp */; };
		2BCCED98151C7B07006AA45D /* pmHardware.cpp in Sources */ = {isa = PBXBuildFile; fileRef = 2BCCED5B151C7B07006AA45D /* pmHardware.cpp */; };
		2BCCED99151C7B07006AA45D /* pmLogger.cpp in Sources */ = {isa = PBXBuildFile; fileRef = 2BCCED5C151C7B07006AA45D /* pmLogger.cpp */; };
		2BCCED9A151C7B07006AA45D /* pmMemoryManager.cpp in Sources */ = {isa = PBXBuildFile; fileRef = 2BCCED5D151C7B07006AA45D /* pmMemoryManager.cpp */; };
		2BCCED9B151C7B07006AA45D /* pmMemSection.cpp in Sources */ = {isa = PBXBuildFile; fileRef = 2BCCED5E151C7B07006AA45D /* pmMemSection.cpp */; };
		2BCCED9C151C7B07006AA45D /* pmNetwork.cpp in Sources */ = {isa = PBXBuildFile; fileRef = 2BCCED5F151C7B07006AA45D /* pmNetwork.cpp */; };
		2BCCED9D151C7B07006AA45D /* pmPublicDefinitions.cpp in Sources */ = {isa = PBXBuildFile; fileRef = 2BCCED60151C7B07006AA45D /* pmPublicDefinitions.cpp */; };
		2BCCED9E151C7B07006AA45D /* pmReducer.cpp in Sources */ = {isa = PBXBuildFile; fileRef = 2BCCED61151C7B07006AA45D /* pmReducer.cpp */; };
		2BCCED9F151C7B07006AA45D /* pmResourceLock.cpp in Sources */ = {isa = PBXBuildFile; fileRef = 2BCCED62151C7B07006AA45D /* pmResourceLock.cpp */; };
		2BCCEDA0151C7B07006AA45D /* pmSafePriorityQueue.cpp in Sources */ = {isa = PBXBuildFile; fileRef = 2BCCED63151C7B07006AA45D /* pmSafePriorityQueue.cpp */; };
		2BCCEDA1151C7B07006AA45D /* pmScheduler.cpp in Sources */ = {isa = PBXBuildFile; fileRef = 2BCCED64151C7B07006AA45D /* pmScheduler.cpp */; };
		2BCCEDA2151C7B07006AA45D /* pmSignalWait.cpp in Sources */ = {isa = PBXBuildFile; fileRef = 2BCCED65151C7B07006AA45D /* pmSignalWait.cpp */; };
		2BCCEDA3151C7B07006AA45D /* pmStubManager.cpp in Sources */ = {isa = PBXBuildFile; fileRef = 2BCCED66151C7B07006AA45D /* pmStubManager.cpp */; };
		2BCCEDA4151C7B07006AA45D /* pmSubscriptionManager.cpp in Sources */ = {isa = PBXBuildFile; fileRef = 2BCCED67151C7B07006AA45D /* pmSubscriptionManager.cpp */; };
		2BCCEDA5151C7B07006AA45D /* pmSubtaskManager.cpp in Sources */ = {isa = PBXBuildFile; fileRef = 2BCCED68151C7B07006AA45D /* pmSubtaskManager.cpp */; };
		2BCCEDA6151C7B07006AA45D /* pmTask.cpp in Sources */ = {isa = PBXBuildFile; fileRef = 2BCCED69151C7B07006AA45D /* pmTask.cpp */; };
		2BCCEDA7151C7B07006AA45D /* pmTaskExecStats.cpp in Sources */ = {isa = PBXBuildFile; fileRef = 2BCCED6A151C7B07006AA45D /* pmTaskExecStats.cpp */; };
		2BCCEDA8151C7B07006AA45D /* pmTaskManager.cpp in Sources */ = {isa = PBXBuildFile; fileRef = 2BCCED6B151C7B07006AA45D /* pmTaskManager.cpp */; };
		2BCCEDA9151C7B07006AA45D /* pmThread.cpp in Sources */ = {isa = PBXBuildFile; fileRef = 2BCCED6C151C7B07006AA45D /* pmThread.cpp */; };
		2BCCEDAA151C7B07006AA45D /* pmTimer.cpp in Sources */ = {isa = PBXBuildFile; fileRef = 2BCCED6D151C7B07006AA45D /* pmTimer.cpp */; };
/* End PBXBuildFile section */

/* Begin PBXFileReference section */
		0EDFDC4615A0D879003DE0D1 /* libmpi.0.dylib */ = {isa = PBXFileReference; lastKnownFileType = "compiled.mach-o.dylib"; name = libmpi.0.dylib; path = "../../../../../../Installations/openmpi-1.4.5-multithreaded/debug/lib/libmpi.0.dylib"; sourceTree = "<group>"; };
		0EDFDC4815A0D8AD003DE0D1 /* libmpi_cxx.0.dylib */ = {isa = PBXFileReference; lastKnownFileType = "compiled.mach-o.dylib"; name = libmpi_cxx.0.dylib; path = "../../../../../../Installations/openmpi-1.4.5-multithreaded/debug/lib/libmpi_cxx.0.dylib"; sourceTree = "<group>"; };
		0EFF67B91545CF7800ED4E8F /* pmRedistributor.h */ = {isa = PBXFileReference; fileEncoding = 4; lastKnownFileType = sourcecode.c.h; name = pmRedistributor.h; path = ../../../../../../../Users/tarunberi/Development/pmlib/source/code/inc/pmRedistributor.h; sourceTree = "<group>"; };
		0EFF67BC1545CF9A00ED4E8F /* pmRedistributor.cpp */ = {isa = PBXFileReference; fileEncoding = 4; lastKnownFileType = sourcecode.cpp.cpp; name = pmRedistributor.cpp; path = ../../../../../../../Users/tarunberi/Development/pmlib/source/code/src/pmRedistributor.cpp; sourceTree = "<group>"; };
		2BCCED1D151C7AA1006AA45D /* pmlib.dylib */ = {isa = PBXFileReference; explicitFileType = "compiled.mach-o.dylib"; includeInIndex = 0; path = pmlib.dylib; sourceTree = BUILT_PRODUCTS_DIR; };
		2BCCED21151C7AA1006AA45D /* pmlib-Prefix.pch */ = {isa = PBXFileReference; lastKnownFileType = sourcecode.c.h; path = "pmlib-Prefix.pch"; sourceTree = "<group>"; };
		2BCCED22151C7AA1006AA45D /* pmlibProj.xcconfig */ = {isa = PBXFileReference; lastKnownFileType = text.xcconfig; path = pmlibProj.xcconfig; sourceTree = "<group>"; };
		2BCCED23151C7AA1006AA45D /* pmlibTarget.xcconfig */ = {isa = PBXFileReference; lastKnownFileType = text.xcconfig; path = pmlibTarget.xcconfig; sourceTree = "<group>"; };
		2BCCED2F151C7B07006AA45D /* pmBase.h */ = {isa = PBXFileReference; fileEncoding = 4; lastKnownFileType = sourcecode.c.h; path = pmBase.h; sourceTree = "<group>"; };
		2BCCED30151C7B07006AA45D /* pmCallback.h */ = {isa = PBXFileReference; fileEncoding = 4; lastKnownFileType = sourcecode.c.h; path = pmCallback.h; sourceTree = "<group>"; };
		2BCCED31151C7B07006AA45D /* pmCallbackUnit.h */ = {isa = PBXFileReference; fileEncoding = 4; lastKnownFileType = sourcecode.c.h; path = pmCallbackUnit.h; sourceTree = "<group>"; };
		2BCCED32151C7B07006AA45D /* pmCluster.h */ = {isa = PBXFileReference; fileEncoding = 4; lastKnownFileType = sourcecode.c.h; path = pmCluster.h; sourceTree = "<group>"; };
		2BCCED33151C7B07006AA45D /* pmCommand.h */ = {isa = PBXFileReference; fileEncoding = 4; lastKnownFileType = sourcecode.c.h; path = pmCommand.h; sourceTree = "<group>"; };
		2BCCED34151C7B07006AA45D /* pmCommunicator.h */ = {isa = PBXFileReference; fileEncoding = 4; lastKnownFileType = sourcecode.c.h; path = pmCommunicator.h; sourceTree = "<group>"; };
		2BCCED35151C7B07006AA45D /* pmController.h */ = {isa = PBXFileReference; fileEncoding = 4; lastKnownFileType = sourcecode.c.h; path = pmController.h; sourceTree = "<group>"; };
		2BCCED36151C7B07006AA45D /* pmDataTypes.h */ = {isa = PBXFileReference; fileEncoding = 4; lastKnownFileType = sourcecode.c.h; path = pmDataTypes.h; sourceTree = "<group>"; };
		2BCCED37151C7B07006AA45D /* pmDevicePool.h */ = {isa = PBXFileReference; fileEncoding = 4; lastKnownFileType = sourcecode.c.h; path = pmDevicePool.h; sourceTree = "<group>"; };
		2BCCED38151C7B07006AA45D /* pmDispatcherGPU.h */ = {isa = PBXFileReference; fileEncoding = 4; lastKnownFileType = sourcecode.c.h; path = pmDispatcherGPU.h; sourceTree = "<group>"; };
		2BCCED39151C7B07006AA45D /* pmErrorDefinitions.h */ = {isa = PBXFileReference; fileEncoding = 4; lastKnownFileType = sourcecode.c.h; path = pmErrorDefinitions.h; sourceTree = "<group>"; };
		2BCCED3A151C7B07006AA45D /* pmExecutionStub.h */ = {isa = PBXFileReference; fileEncoding = 4; lastKnownFileType = sourcecode.c.h; path = pmExecutionStub.h; sourceTree = "<group>"; };
		2BCCED3B151C7B07006AA45D /* pmHardware.h */ = {isa = PBXFileReference; fileEncoding = 4; lastKnownFileType = sourcecode.c.h; path = pmHardware.h; sourceTree = "<group>"; };
		2BCCED3C151C7B07006AA45D /* pmInternalDefinitions.h */ = {isa = PBXFileReference; fileEncoding = 4; lastKnownFileType = sourcecode.c.h; path = pmInternalDefinitions.h; sourceTree = "<group>"; };
		2BCCED3D151C7B07006AA45D /* pmLogger.h */ = {isa = PBXFileReference; fileEncoding = 4; lastKnownFileType = sourcecode.c.h; path = pmLogger.h; sourceTree = "<group>"; };
		2BCCED3E151C7B07006AA45D /* pmMemoryManager.h */ = {isa = PBXFileReference; fileEncoding = 4; lastKnownFileType = sourcecode.c.h; path = pmMemoryManager.h; sourceTree = "<group>"; };
		2BCCED3F151C7B07006AA45D /* pmMemSection.h */ = {isa = PBXFileReference; fileEncoding = 4; lastKnownFileType = sourcecode.c.h; path = pmMemSection.h; sourceTree = "<group>"; };
		2BCCED40151C7B07006AA45D /* pmNetwork.h */ = {isa = PBXFileReference; fileEncoding = 4; lastKnownFileType = sourcecode.c.h; path = pmNetwork.h; sourceTree = "<group>"; };
		2BCCED41151C7B07006AA45D /* pmPublicDefinitions.h */ = {isa = PBXFileReference; fileEncoding = 4; lastKnownFileType = sourcecode.c.h; path = pmPublicDefinitions.h; sourceTree = "<group>"; };
		2BCCED42151C7B07006AA45D /* pmReducer.h */ = {isa = PBXFileReference; fileEncoding = 4; lastKnownFileType = sourcecode.c.h; path = pmReducer.h; sourceTree = "<group>"; };
		2BCCED43151C7B07006AA45D /* pmResourceLock.h */ = {isa = PBXFileReference; fileEncoding = 4; lastKnownFileType = sourcecode.c.h; path = pmResourceLock.h; sourceTree = "<group>"; };
		2BCCED44151C7B07006AA45D /* pmSafePriorityQueue.h */ = {isa = PBXFileReference; fileEncoding = 4; lastKnownFileType = sourcecode.c.h; path = pmSafePriorityQueue.h; sourceTree = "<group>"; };
		2BCCED45151C7B07006AA45D /* pmScheduler.h */ = {isa = PBXFileReference; fileEncoding = 4; lastKnownFileType = sourcecode.c.h; path = pmScheduler.h; sourceTree = "<group>"; };
		2BCCED46151C7B07006AA45D /* pmSignalWait.h */ = {isa = PBXFileReference; fileEncoding = 4; lastKnownFileType = sourcecode.c.h; path = pmSignalWait.h; sourceTree = "<group>"; };
		2BCCED47151C7B07006AA45D /* pmStubManager.h */ = {isa = PBXFileReference; fileEncoding = 4; lastKnownFileType = sourcecode.c.h; path = pmStubManager.h; sourceTree = "<group>"; };
		2BCCED48151C7B07006AA45D /* pmSubscriptionManager.h */ = {isa = PBXFileReference; fileEncoding = 4; lastKnownFileType = sourcecode.c.h; path = pmSubscriptionManager.h; sourceTree = "<group>"; };
		2BCCED49151C7B07006AA45D /* pmSubtaskManager.h */ = {isa = PBXFileReference; fileEncoding = 4; lastKnownFileType = sourcecode.c.h; path = pmSubtaskManager.h; sourceTree = "<group>"; };
		2BCCED4A151C7B07006AA45D /* pmTask.h */ = {isa = PBXFileReference; fileEncoding = 4; lastKnownFileType = sourcecode.c.h; path = pmTask.h; sourceTree = "<group>"; };
		2BCCED4B151C7B07006AA45D /* pmTaskExecStats.h */ = {isa = PBXFileReference; fileEncoding = 4; lastKnownFileType = sourcecode.c.h; path = pmTaskExecStats.h; sourceTree = "<group>"; };
		2BCCED4C151C7B07006AA45D /* pmTaskManager.h */ = {isa = PBXFileReference; fileEncoding = 4; lastKnownFileType = sourcecode.c.h; path = pmTaskManager.h; sourceTree = "<group>"; };
		2BCCED4D151C7B07006AA45D /* pmThread.h */ = {isa = PBXFileReference; fileEncoding = 4; lastKnownFileType = sourcecode.c.h; path = pmThread.h; sourceTree = "<group>"; };
		2BCCED4E151C7B07006AA45D /* pmTimer.h */ = {isa = PBXFileReference; fileEncoding = 4; lastKnownFileType = sourcecode.c.h; path = pmTimer.h; sourceTree = "<group>"; };
		2BCCED50151C7B07006AA45D /* pmBase.cpp */ = {isa = PBXFileReference; fileEncoding = 4; lastKnownFileType = sourcecode.cpp.cpp; path = pmBase.cpp; sourceTree = "<group>"; };
		2BCCED51151C7B07006AA45D /* pmCallback.cpp */ = {isa = PBXFileReference; fileEncoding = 4; lastKnownFileType = sourcecode.cpp.cpp; path = pmCallback.cpp; sourceTree = "<group>"; };
		2BCCED52151C7B07006AA45D /* pmCallbackUnit.cpp */ = {isa = PBXFileReference; fileEncoding = 4; lastKnownFileType = sourcecode.cpp.cpp; path = pmCallbackUnit.cpp; sourceTree = "<group>"; };
		2BCCED53151C7B07006AA45D /* pmCluster.cpp */ = {isa = PBXFileReference; fileEncoding = 4; lastKnownFileType = sourcecode.cpp.cpp; path = pmCluster.cpp; sourceTree = "<group>"; };
		2BCCED54151C7B07006AA45D /* pmCommand.cpp */ = {isa = PBXFileReference; fileEncoding = 4; lastKnownFileType = sourcecode.cpp.cpp; path = pmCommand.cpp; sourceTree = "<group>"; };
		2BCCED55151C7B07006AA45D /* pmCommunicator.cpp */ = {isa = PBXFileReference; fileEncoding = 4; lastKnownFileType = sourcecode.cpp.cpp; path = pmCommunicator.cpp; sourceTree = "<group>"; };
		2BCCED56151C7B07006AA45D /* pmController.cpp */ = {isa = PBXFileReference; fileEncoding = 4; lastKnownFileType = sourcecode.cpp.cpp; path = pmController.cpp; sourceTree = "<group>"; };
		2BCCED57151C7B07006AA45D /* pmDevicePool.cpp */ = {isa = PBXFileReference; fileEncoding = 4; lastKnownFileType = sourcecode.cpp.cpp; path = pmDevicePool.cpp; sourceTree = "<group>"; };
		2BCCED58151C7B07006AA45D /* pmDispatcherCUDA.cu */ = {isa = PBXFileReference; fileEncoding = 4; lastKnownFileType = text; path = pmDispatcherCUDA.cu; sourceTree = "<group>"; };
		2BCCED59151C7B07006AA45D /* pmDispatcherGPU.cpp */ = {isa = PBXFileReference; fileEncoding = 4; lastKnownFileType = sourcecode.cpp.cpp; path = pmDispatcherGPU.cpp; sourceTree = "<group>"; };
		2BCCED5A151C7B07006AA45D /* pmExecutionStub.cpp */ = {isa = PBXFileReference; fileEncoding = 4; lastKnownFileType = sourcecode.cpp.cpp; path = pmExecutionStub.cpp; sourceTree = "<group>"; };
		2BCCED5B151C7B07006AA45D /* pmHardware.cpp */ = {isa = PBXFileReference; fileEncoding = 4; lastKnownFileType = sourcecode.cpp.cpp; path = pmHardware.cpp; sourceTree = "<group>"; };
		2BCCED5C151C7B07006AA45D /* pmLogger.cpp */ = {isa = PBXFileReference; fileEncoding = 4; lastKnownFileType = sourcecode.cpp.cpp; path = pmLogger.cpp; sourceTree = "<group>"; };
		2BCCED5D151C7B07006AA45D /* pmMemoryManager.cpp */ = {isa = PBXFileReference; fileEncoding = 4; lastKnownFileType = sourcecode.cpp.cpp; path = pmMemoryManager.cpp; sourceTree = "<group>"; };
		2BCCED5E151C7B07006AA45D /* pmMemSection.cpp */ = {isa = PBXFileReference; fileEncoding = 4; lastKnownFileType = sourcecode.cpp.cpp; path = pmMemSection.cpp; sourceTree = "<group>"; };
		2BCCED5F151C7B07006AA45D /* pmNetwork.cpp */ = {isa = PBXFileReference; fileEncoding = 4; lastKnownFileType = sourcecode.cpp.cpp; path = pmNetwork.cpp; sourceTree = "<group>"; };
		2BCCED60151C7B07006AA45D /* pmPublicDefinitions.cpp */ = {isa = PBXFileReference; fileEncoding = 4; lastKnownFileType = sourcecode.cpp.cpp; path = pmPublicDefinitions.cpp; sourceTree = "<group>"; };
		2BCCED61151C7B07006AA45D /* pmReducer.cpp */ = {isa = PBXFileReference; fileEncoding = 4; lastKnownFileType = sourcecode.cpp.cpp; path = pmReducer.cpp; sourceTree = "<group>"; };
		2BCCED62151C7B07006AA45D /* pmResourceLock.cpp */ = {isa = PBXFileReference; fileEncoding = 4; lastKnownFileType = sourcecode.cpp.cpp; path = pmResourceLock.cpp; sourceTree = "<group>"; };
		2BCCED63151C7B07006AA45D /* pmSafePriorityQueue.cpp */ = {isa = PBXFileReference; fileEncoding = 4; lastKnownFileType = sourcecode.cpp.cpp; path = pmSafePriorityQueue.cpp; sourceTree = "<group>"; };
		2BCCED64151C7B07006AA45D /* pmScheduler.cpp */ = {isa = PBXFileReference; fileEncoding = 4; lastKnownFileType = sourcecode.cpp.cpp; path = pmScheduler.cpp; sourceTree = "<group>"; };
		2BCCED65151C7B07006AA45D /* pmSignalWait.cpp */ = {isa = PBXFileReference; fileEncoding = 4; lastKnownFileType = sourcecode.cpp.cpp; path = pmSignalWait.cpp; sourceTree = "<group>"; };
		2BCCED66151C7B07006AA45D /* pmStubManager.cpp */ = {isa = PBXFileReference; fileEncoding = 4; lastKnownFileType = sourcecode.cpp.cpp; path = pmStubManager.cpp; sourceTree = "<group>"; };
		2BCCED67151C7B07006AA45D /* pmSubscriptionManager.cpp */ = {isa = PBXFileReference; fileEncoding = 4; lastKnownFileType = sourcecode.cpp.cpp; path = pmSubscriptionManager.cpp; sourceTree = "<group>"; };
		2BCCED68151C7B07006AA45D /* pmSubtaskManager.cpp */ = {isa = PBXFileReference; fileEncoding = 4; lastKnownFileType = sourcecode.cpp.cpp; path = pmSubtaskManager.cpp; sourceTree = "<group>"; };
		2BCCED69151C7B07006AA45D /* pmTask.cpp */ = {isa = PBXFileReference; fileEncoding = 4; lastKnownFileType = sourcecode.cpp.cpp; path = pmTask.cpp; sourceTree = "<group>"; };
		2BCCED6A151C7B07006AA45D /* pmTaskExecStats.cpp */ = {isa = PBXFileReference; fileEncoding = 4; lastKnownFileType = sourcecode.cpp.cpp; path = pmTaskExecStats.cpp; sourceTree = "<group>"; };
		2BCCED6B151C7B07006AA45D /* pmTaskManager.cpp */ = {isa = PBXFileReference; fileEncoding = 4; lastKnownFileType = sourcecode.cpp.cpp; path = pmTaskManager.cpp; sourceTree = "<group>"; };
		2BCCED6C151C7B07006AA45D /* pmThread.cpp */ = {isa = PBXFileReference; fileEncoding = 4; lastKnownFileType = sourcecode.cpp.cpp; path = pmThread.cpp; sourceTree = "<group>"; };
		2BCCED6D151C7B07006AA45D /* pmTimer.cpp */ = {isa = PBXFileReference; fileEncoding = 4; lastKnownFileType = sourcecode.cpp.cpp; path = pmTimer.cpp; sourceTree = "<group>"; };
/* End PBXFileReference section */

/* Begin PBXFrameworksBuildPhase section */
		2BCCED1A151C7AA1006AA45D /* Frameworks */ = {
			isa = PBXFrameworksBuildPhase;
			buildActionMask = 2147483647;
			files = (
				0EDFDC4915A0D8AD003DE0D1 /* libmpi_cxx.0.dylib in Frameworks */,
				0EDFDC4715A0D879003DE0D1 /* libmpi.0.dylib in Frameworks */,
			);
			runOnlyForDeploymentPostprocessing = 0;
		};
/* End PBXFrameworksBuildPhase section */

/* Begin PBXGroup section */
		2BCCED12151C7AA1006AA45D = {
			isa = PBXGroup;
			children = (
				0EDFDC4815A0D8AD003DE0D1 /* libmpi_cxx.0.dylib */,
				0EDFDC4615A0D879003DE0D1 /* libmpi.0.dylib */,
				2BCCED2E151C7B07006AA45D /* inc */,
				2BCCED4F151C7B07006AA45D /* src */,
				2BCCED1F151C7AA1006AA45D /* pmlib */,
				2BCCED1E151C7AA1006AA45D /* Products */,
			);
			sourceTree = "<group>";
		};
		2BCCED1E151C7AA1006AA45D /* Products */ = {
			isa = PBXGroup;
			children = (
				2BCCED1D151C7AA1006AA45D /* pmlib.dylib */,
			);
			name = Products;
			sourceTree = "<group>";
		};
		2BCCED1F151C7AA1006AA45D /* pmlib */ = {
			isa = PBXGroup;
			children = (
				2BCCED22151C7AA1006AA45D /* pmlibProj.xcconfig */,
				2BCCED23151C7AA1006AA45D /* pmlibTarget.xcconfig */,
				2BCCED20151C7AA1006AA45D /* Supporting Files */,
			);
			path = pmlib;
			sourceTree = "<group>";
		};
		2BCCED20151C7AA1006AA45D /* Supporting Files */ = {
			isa = PBXGroup;
			children = (
				2BCCED21151C7AA1006AA45D /* pmlib-Prefix.pch */,
			);
			name = "Supporting Files";
			sourceTree = "<group>";
		};
		2BCCED2E151C7B07006AA45D /* inc */ = {
			isa = PBXGroup;
			children = (
				2BCCED2F151C7B07006AA45D /* pmBase.h */,
				2BCCED30151C7B07006AA45D /* pmCallback.h */,
				2BCCED31151C7B07006AA45D /* pmCallbackUnit.h */,
				2BCCED32151C7B07006AA45D /* pmCluster.h */,
				2BCCED33151C7B07006AA45D /* pmCommand.h */,
				2BCCED34151C7B07006AA45D /* pmCommunicator.h */,
				2BCCED35151C7B07006AA45D /* pmController.h */,
				2BCCED36151C7B07006AA45D /* pmDataTypes.h */,
				2BCCED37151C7B07006AA45D /* pmDevicePool.h */,
				2BCCED38151C7B07006AA45D /* pmDispatcherGPU.h */,
				2BCCED39151C7B07006AA45D /* pmErrorDefinitions.h */,
				2BCCED3A151C7B07006AA45D /* pmExecutionStub.h */,
				2BCCED3B151C7B07006AA45D /* pmHardware.h */,
				2BCCED3C151C7B07006AA45D /* pmInternalDefinitions.h */,
				2BCCED3D151C7B07006AA45D /* pmLogger.h */,
				2BCCED3E151C7B07006AA45D /* pmMemoryManager.h */,
				2BCCED3F151C7B07006AA45D /* pmMemSection.h */,
				2BCCED40151C7B07006AA45D /* pmNetwork.h */,
				2BCCED41151C7B07006AA45D /* pmPublicDefinitions.h */,
				2BCCED42151C7B07006AA45D /* pmReducer.h */,
				0EFF67B91545CF7800ED4E8F /* pmRedistributor.h */,
				2BCCED43151C7B07006AA45D /* pmResourceLock.h */,
				2BCCED44151C7B07006AA45D /* pmSafePriorityQueue.h */,
				2BCCED45151C7B07006AA45D /* pmScheduler.h */,
				2BCCED46151C7B07006AA45D /* pmSignalWait.h */,
				2BCCED47151C7B07006AA45D /* pmStubManager.h */,
				2BCCED48151C7B07006AA45D /* pmSubscriptionManager.h */,
				2BCCED49151C7B07006AA45D /* pmSubtaskManager.h */,
				2BCCED4A151C7B07006AA45D /* pmTask.h */,
				2BCCED4B151C7B07006AA45D /* pmTaskExecStats.h */,
				2BCCED4C151C7B07006AA45D /* pmTaskManager.h */,
				2BCCED4D151C7B07006AA45D /* pmThread.h */,
				2BCCED4E151C7B07006AA45D /* pmTimer.h */,
			);
			name = inc;
			path = ../../../code/inc;
			sourceTree = "<group>";
		};
		2BCCED4F151C7B07006AA45D /* src */ = {
			isa = PBXGroup;
			children = (
				2BCCED50151C7B07006AA45D /* pmBase.cpp */,
				2BCCED51151C7B07006AA45D /* pmCallback.cpp */,
				2BCCED52151C7B07006AA45D /* pmCallbackUnit.cpp */,
				2BCCED53151C7B07006AA45D /* pmCluster.cpp */,
				2BCCED54151C7B07006AA45D /* pmCommand.cpp */,
				2BCCED55151C7B07006AA45D /* pmCommunicator.cpp */,
				2BCCED56151C7B07006AA45D /* pmController.cpp */,
				2BCCED57151C7B07006AA45D /* pmDevicePool.cpp */,
				2BCCED58151C7B07006AA45D /* pmDispatcherCUDA.cu */,
				2BCCED59151C7B07006AA45D /* pmDispatcherGPU.cpp */,
				2BCCED5A151C7B07006AA45D /* pmExecutionStub.cpp */,
				2BCCED5B151C7B07006AA45D /* pmHardware.cpp */,
				2BCCED5C151C7B07006AA45D /* pmLogger.cpp */,
				2BCCED5D151C7B07006AA45D /* pmMemoryManager.cpp */,
				2BCCED5E151C7B07006AA45D /* pmMemSection.cpp */,
				2BCCED5F151C7B07006AA45D /* pmNetwork.cpp */,
				2BCCED60151C7B07006AA45D /* pmPublicDefinitions.cpp */,
				2BCCED61151C7B07006AA45D /* pmReducer.cpp */,
				0EFF67BC1545CF9A00ED4E8F /* pmRedistributor.cpp */,
				2BCCED62151C7B07006AA45D /* pmResourceLock.cpp */,
				2BCCED63151C7B07006AA45D /* pmSafePriorityQueue.cpp */,
				2BCCED64151C7B07006AA45D /* pmScheduler.cpp */,
				2BCCED65151C7B07006AA45D /* pmSignalWait.cpp */,
				2BCCED66151C7B07006AA45D /* pmStubManager.cpp */,
				2BCCED67151C7B07006AA45D /* pmSubscriptionManager.cpp */,
				2BCCED68151C7B07006AA45D /* pmSubtaskManager.cpp */,
				2BCCED69151C7B07006AA45D /* pmTask.cpp */,
				2BCCED6A151C7B07006AA45D /* pmTaskExecStats.cpp */,
				2BCCED6B151C7B07006AA45D /* pmTaskManager.cpp */,
				2BCCED6C151C7B07006AA45D /* pmThread.cpp */,
				2BCCED6D151C7B07006AA45D /* pmTimer.cpp */,
			);
			name = src;
			path = ../../../code/src;
			sourceTree = "<group>";
		};
/* End PBXGroup section */

/* Begin PBXHeadersBuildPhase section */
		2BCCED1B151C7AA1006AA45D /* Headers */ = {
			isa = PBXHeadersBuildPhase;
			buildActionMask = 2147483647;
			files = (
				2BCCED6E151C7B07006AA45D /* pmBase.h in Headers */,
				2BCCED6F151C7B07006AA45D /* pmCallback.h in Headers */,
				2BCCED70151C7B07006AA45D /* pmCallbackUnit.h in Headers */,
				2BCCED71151C7B07006AA45D /* pmCluster.h in Headers */,
				2BCCED72151C7B07006AA45D /* pmCommand.h in Headers */,
				2BCCED73151C7B07006AA45D /* pmCommunicator.h in Headers */,
				2BCCED74151C7B07006AA45D /* pmController.h in Headers */,
				2BCCED75151C7B07006AA45D /* pmDataTypes.h in Headers */,
				2BCCED76151C7B07006AA45D /* pmDevicePool.h in Headers */,
				2BCCED77151C7B07006AA45D /* pmDispatcherGPU.h in Headers */,
				2BCCED78151C7B07006AA45D /* pmErrorDefinitions.h in Headers */,
				2BCCED79151C7B07006AA45D /* pmExecutionStub.h in Headers */,
				2BCCED7A151C7B07006AA45D /* pmHardware.h in Headers */,
				2BCCED7B151C7B07006AA45D /* pmInternalDefinitions.h in Headers */,
				2BCCED7C151C7B07006AA45D /* pmLogger.h in Headers */,
				2BCCED7D151C7B07006AA45D /* pmMemoryManager.h in Headers */,
				2BCCED7E151C7B07006AA45D /* pmMemSection.h in Headers */,
				2BCCED7F151C7B07006AA45D /* pmNetwork.h in Headers */,
				2BCCED80151C7B07006AA45D /* pmPublicDefinitions.h in Headers */,
				2BCCED81151C7B07006AA45D /* pmReducer.h in Headers */,
				2BCCED82151C7B07006AA45D /* pmResourceLock.h in Headers */,
				2BCCED83151C7B07006AA45D /* pmSafePriorityQueue.h in Headers */,
				2BCCED84151C7B07006AA45D /* pmScheduler.h in Headers */,
				2BCCED85151C7B07006AA45D /* pmSignalWait.h in Headers */,
				2BCCED86151C7B07006AA45D /* pmStubManager.h in Headers */,
				2BCCED87151C7B07006AA45D /* pmSubscriptionManager.h in Headers */,
				2BCCED88151C7B07006AA45D /* pmSubtaskManager.h in Headers */,
				2BCCED89151C7B07006AA45D /* pmTask.h in Headers */,
				2BCCED8A151C7B07006AA45D /* pmTaskExecStats.h in Headers */,
				2BCCED8B151C7B07006AA45D /* pmTaskManager.h in Headers */,
				2BCCED8C151C7B07006AA45D /* pmThread.h in Headers */,
				2BCCED8D151C7B07006AA45D /* pmTimer.h in Headers */,
				0EFF67BA1545CF7800ED4E8F /* pmRedistributor.h in Headers */,
			);
			runOnlyForDeploymentPostprocessing = 0;
		};
/* End PBXHeadersBuildPhase section */

/* Begin PBXNativeTarget section */
		2BCCED1C151C7AA1006AA45D /* pmlib */ = {
			isa = PBXNativeTarget;
			buildConfigurationList = 2BCCED2B151C7AA1006AA45D /* Build configuration list for PBXNativeTarget "pmlib" */;
			buildPhases = (
				2BCCED19151C7AA1006AA45D /* Sources */,
				2BCCED1A151C7AA1006AA45D /* Frameworks */,
				2BCCED1B151C7AA1006AA45D /* Headers */,
			);
			buildRules = (
			);
			dependencies = (
			);
			name = pmlib;
			productName = pmlib;
			productReference = 2BCCED1D151C7AA1006AA45D /* pmlib.dylib */;
			productType = "com.apple.product-type.library.dynamic";
		};
/* End PBXNativeTarget section */

/* Begin PBXProject section */
		2BCCED14151C7AA1006AA45D /* Project object */ = {
			isa = PBXProject;
			attributes = {
				LastUpgradeCheck = 0420;
			};
			buildConfigurationList = 2BCCED17151C7AA1006AA45D /* Build configuration list for PBXProject "pmlib" */;
			compatibilityVersion = "Xcode 3.2";
			developmentRegion = English;
			hasScannedForEncodings = 0;
			knownRegions = (
				en,
			);
			mainGroup = 2BCCED12151C7AA1006AA45D;
			productRefGroup = 2BCCED1E151C7AA1006AA45D /* Products */;
			projectDirPath = "";
			projectRoot = "";
			targets = (
				2BCCED1C151C7AA1006AA45D /* pmlib */,
			);
		};
/* End PBXProject section */

/* Begin PBXSourcesBuildPhase section */
		2BCCED19151C7AA1006AA45D /* Sources */ = {
			isa = PBXSourcesBuildPhase;
			buildActionMask = 2147483647;
			files = (
				2BCCED8E151C7B07006AA45D /* pmBase.cpp in Sources */,
				2BCCED8F151C7B07006AA45D /* pmCallback.cpp in Sources */,
				2BCCED90151C7B07006AA45D /* pmCallbackUnit.cpp in Sources */,
				2BCCED91151C7B07006AA45D /* pmCluster.cpp in Sources */,
				2BCCED92151C7B07006AA45D /* pmCommand.cpp in Sources */,
				2BCCED93151C7B07006AA45D /* pmCommunicator.cpp in Sources */,
				2BCCED94151C7B07006AA45D /* pmController.cpp in Sources */,
				2BCCED95151C7B07006AA45D /* pmDevicePool.cpp in Sources */,
				2BCCED96151C7B07006AA45D /* pmDispatcherGPU.cpp in Sources */,
				2BCCED97151C7B07006AA45D /* pmExecutionStub.cpp in Sources */,
				2BCCED98151C7B07006AA45D /* pmHardware.cpp in Sources */,
				2BCCED99151C7B07006AA45D /* pmLogger.cpp in Sources */,
				2BCCED9A151C7B07006AA45D /* pmMemoryManager.cpp in Sources */,
				2BCCED9B151C7B07006AA45D /* pmMemSection.cpp in Sources */,
				2BCCED9C151C7B07006AA45D /* pmNetwork.cpp in Sources */,
				2BCCED9D151C7B07006AA45D /* pmPublicDefinitions.cpp in Sources */,
				2BCCED9E151C7B07006AA45D /* pmReducer.cpp in Sources */,
				2BCCED9F151C7B07006AA45D /* pmResourceLock.cpp in Sources */,
				2BCCEDA0151C7B07006AA45D /* pmSafePriorityQueue.cpp in Sources */,
				2BCCEDA1151C7B07006AA45D /* pmScheduler.cpp in Sources */,
				2BCCEDA2151C7B07006AA45D /* pmSignalWait.cpp in Sources */,
				2BCCEDA3151C7B07006AA45D /* pmStubManager.cpp in Sources */,
				2BCCEDA4151C7B07006AA45D /* pmSubscriptionManager.cpp in Sources */,
				2BCCEDA5151C7B07006AA45D /* pmSubtaskManager.cpp in Sources */,
				2BCCEDA6151C7B07006AA45D /* pmTask.cpp in Sources */,
				2BCCEDA7151C7B07006AA45D /* pmTaskExecStats.cpp in Sources */,
				2BCCEDA8151C7B07006AA45D /* pmTaskManager.cpp in Sources */,
				2BCCEDA9151C7B07006AA45D /* pmThread.cpp in Sources */,
				2BCCEDAA151C7B07006AA45D /* pmTimer.cpp in Sources */,
				0EFF67BD1545CF9A00ED4E8F /* pmRedistributor.cpp in Sources */,
			);
			runOnlyForDeploymentPostprocessing = 0;
		};
/* End PBXSourcesBuildPhase section */

/* Begin XCBuildConfiguration section */
		2BCCED29151C7AA1006AA45D /* Debug */ = {
			isa = XCBuildConfiguration;
			buildSettings = {
				ALWAYS_SEARCH_USER_PATHS = NO;
				ARCHS = "$(ARCHS_STANDARD_64_BIT)";
				COPY_PHASE_STRIP = NO;
				GCC_C_LANGUAGE_STANDARD = gnu99;
				GCC_DYNAMIC_NO_PIC = NO;
				GCC_ENABLE_OBJC_EXCEPTIONS = YES;
				GCC_OPTIMIZATION_LEVEL = 0;
				GCC_PREPROCESSOR_DEFINITIONS = (
					"DEBUG=1",
					"$(inherited)",
				);
				GCC_SYMBOLS_PRIVATE_EXTERN = NO;
				GCC_VERSION = com.apple.compilers.llvm.clang.1_0;
				GCC_WARN_64_TO_32_BIT_CONVERSION = YES;
				GCC_WARN_ABOUT_MISSING_PROTOTYPES = YES;
				GCC_WARN_ABOUT_RETURN_TYPE = YES;
				GCC_WARN_UNUSED_VARIABLE = YES;
				MACOSX_DEPLOYMENT_TARGET = 10.6;
				ONLY_ACTIVE_ARCH = YES;
				SDKROOT = macosx;
			};
			name = Debug;
		};
		2BCCED2A151C7AA1006AA45D /* Release */ = {
			isa = XCBuildConfiguration;
			buildSettings = {
				ALWAYS_SEARCH_USER_PATHS = NO;
				ARCHS = "$(ARCHS_STANDARD_64_BIT)";
				COPY_PHASE_STRIP = YES;
				DEBUG_INFORMATION_FORMAT = "dwarf-with-dsym";
				GCC_C_LANGUAGE_STANDARD = gnu99;
				GCC_ENABLE_OBJC_EXCEPTIONS = YES;
				GCC_VERSION = com.apple.compilers.llvm.clang.1_0;
				GCC_WARN_64_TO_32_BIT_CONVERSION = YES;
				GCC_WARN_ABOUT_MISSING_PROTOTYPES = YES;
				GCC_WARN_ABOUT_RETURN_TYPE = YES;
				GCC_WARN_UNUSED_VARIABLE = YES;
				MACOSX_DEPLOYMENT_TARGET = 10.6;
				SDKROOT = macosx;
			};
			name = Release;
		};
		2BCCED2C151C7AA1006AA45D /* Debug */ = {
			isa = XCBuildConfiguration;
			buildSettings = {
				EXCLUDED_SOURCE_FILE_NAMES = (
					pmSafePriorityQueue.cpp,
					pmThread.cpp,
				);
				"GCC_PREPROCESSOR_DEFINITIONS[arch=*]" = (
					UNIX,
					MACOS,
					"DEBUG=1",
					"$(inherited)",
				);
				GCC_VERSION = com.apple.compilers.llvmgcc42;
				HEADER_SEARCH_PATHS = "";
				"HEADER_SEARCH_PATHS[arch=*]" = "/Users/tarunberi/Installations/openmpi-1.4.5-multithreaded/debug/include/";
				LIBRARY_SEARCH_PATHS = (
					"$(inherited)",
					"\"$(SRCROOT)/../../../../../../Installations/openmpi-1.4.5-multithreaded/debug/lib\"",
				);
				PRODUCT_NAME = "$(TARGET_NAME)";
				USER_HEADER_SEARCH_PATHS = "";
			};
			name = Debug;
		};
		2BCCED2D151C7AA1006AA45D /* Release */ = {
			isa = XCBuildConfiguration;
			buildSettings = {
				EXCLUDED_SOURCE_FILE_NAMES = (
					pmSafePriorityQueue.cpp,
					pmThread.cpp,
				);
				GCC_OPTIMIZATION_LEVEL = 3;
				"GCC_PREPROCESSOR_DEFINITIONS[arch=*]" = (
					MACOS,
					UNIX,
				);
				GCC_VERSION = com.apple.compilers.llvmgcc42;
				HEADER_SEARCH_PATHS = "";
				"HEADER_SEARCH_PATHS[arch=*]" = "/Users/tarunberi/Installations/openmpi-1.4.5-multithreaded/release/include/";
				LIBRARY_SEARCH_PATHS = (
					"$(inherited)",
					"\"$(SRCROOT)/../../../../../../Installations/openmpi-1.4.5-multithreaded/debug/lib\"",
				);
				PRODUCT_NAME = "$(TARGET_NAME)";
			};
			name = Release;
		};
/* End XCBuildConfiguration section */

/* Begin XCConfigurationList section */
		2BCCED17151C7AA1006AA45D /* Build configuration list for PBXProject "pmlib" */ = {
			isa = XCConfigurationList;
			buildConfigurations = (
				2BCCED29151C7AA1006AA45D /* Debug */,
				2BCCED2A151C7AA1006AA45D /* Release */,
			);
			defaultConfigurationIsVisible = 0;
			defaultConfigurationName = Release;
		};
		2BCCED2B151C7AA1006AA45D /* Build configuration list for PBXNativeTarget "pmlib" */ = {
			isa = XCConfigurationList;
			buildConfigurations = (
				2BCCED2C151C7AA1006AA45D /* Debug */,
				2BCCED2D151C7AA1006AA45D /* Release */,
			);
			defaultConfigurationIsVisible = 0;
			defaultConfigurationName = Release;
		};
/* End XCConfigurationList section */
	};
	rootObject = 2BCCED14151C7AA1006AA45D /* Project object */;
}
